Microsoft Visual Studio Solution File, Format Version 12.00
# Visual Studio 15
VisualStudioVersion = 15.0.26430.14
MinimumVisualStudioVersion = 10.0.40219.1
Project("{FAE04EC0-301F-11D3-BF4B-00C04F79EFBC}") = "BreadPlayer.Views.UWP", "BreadPlayer.Views.UWP\BreadPlayer.Views.UWP.csproj", "{6528FC18-6EF0-40C8-A9FB-858AC62E5B4A}"
EndProject
Project("{2150E333-8FDC-42A3-9474-1A3956D46DE8}") = "Solution Items", "Solution Items", "{94239CE0-2915-4C43-B4C9-0754E344ED5C}"
	ProjectSection(SolutionItems) = preProject
		BreadPlayer.NoTests.sln = BreadPlayer.NoTests.sln
		LICENSE.txt = LICENSE.txt
	EndProjectSection
EndProject
Project("{FAE04EC0-301F-11D3-BF4B-00C04F79EFBC}") = "BreadPlayer.Core", "BreadPlayer.Core\BreadPlayer.Core.csproj", "{67F9D3A8-F71E-4428-913F-C37AE82CDB24}"
EndProject
Project("{FAE04EC0-301F-11D3-BF4B-00C04F79EFBC}") = "BreadPlayer.Framework", "BreadPlayer.Framework\BreadPlayer.Framework.csproj", "{F22742C9-7088-4325-9F87-0A1AA34DDA74}"
EndProject
Project("{FAE04EC0-301F-11D3-BF4B-00C04F79EFBC}") = "BreadPlayer.Web.Tests", "BreadPlayer.Web.Tests\BreadPlayer.Web.Tests.csproj", "{23538FC1-D438-48EB-B0D7-832A401E5247}"
EndProject
Project("{FAE04EC0-301F-11D3-BF4B-00C04F79EFBC}") = "BreadPlayer.Web", "BreadPlayer.Web\BreadPlayer.Web.csproj", "{8BAA2DC7-9675-480F-A9F5-8D8D6245689B}"
EndProject
Project("{FAE04EC0-301F-11D3-BF4B-00C04F79EFBC}") = "BreadPlayer.Controls", "BreadPlayer.Controls\BreadPlayer.Controls.csproj", "{240C9992-F77C-4D3B-BAC2-788111B6B67B}"
EndProject
Project("{9A19103F-16F7-4668-BE54-9A1E7A4F7556}") = "BreadPlayer.Database", "BreadPlayer.Database\BreadPlayer.Database.csproj", "{E63C3DE4-AB33-4611-B193-9739FCCB1661}"
EndProject
Global
	GlobalSection(SolutionConfigurationPlatforms) = preSolution
		Debug|Any CPU = Debug|Any CPU
		Debug|ARM = Debug|ARM
		Debug|x64 = Debug|x64
		Debug|x86 = Debug|x86
		FastBuild_Release|Any CPU = FastBuild_Release|Any CPU
		FastBuild_Release|ARM = FastBuild_Release|ARM
		FastBuild_Release|x64 = FastBuild_Release|x64
		FastBuild_Release|x86 = FastBuild_Release|x86
		Release|Any CPU = Release|Any CPU
		Release|ARM = Release|ARM
		Release|x64 = Release|x64
		Release|x86 = Release|x86
	EndGlobalSection
	GlobalSection(ProjectConfigurationPlatforms) = postSolution
		{6528FC18-6EF0-40C8-A9FB-858AC62E5B4A}.Debug|Any CPU.ActiveCfg = Debug|x86
		{6528FC18-6EF0-40C8-A9FB-858AC62E5B4A}.Debug|Any CPU.Build.0 = Debug|x86
		{6528FC18-6EF0-40C8-A9FB-858AC62E5B4A}.Debug|Any CPU.Deploy.0 = Debug|x86
		{6528FC18-6EF0-40C8-A9FB-858AC62E5B4A}.Debug|ARM.ActiveCfg = Debug|ARM
		{6528FC18-6EF0-40C8-A9FB-858AC62E5B4A}.Debug|ARM.Build.0 = Debug|ARM
		{6528FC18-6EF0-40C8-A9FB-858AC62E5B4A}.Debug|ARM.Deploy.0 = Debug|ARM
		{6528FC18-6EF0-40C8-A9FB-858AC62E5B4A}.Debug|x64.ActiveCfg = Debug|x64
		{6528FC18-6EF0-40C8-A9FB-858AC62E5B4A}.Debug|x64.Build.0 = Debug|x64
		{6528FC18-6EF0-40C8-A9FB-858AC62E5B4A}.Debug|x64.Deploy.0 = Debug|x64
		{6528FC18-6EF0-40C8-A9FB-858AC62E5B4A}.Debug|x86.ActiveCfg = Debug|x86
		{6528FC18-6EF0-40C8-A9FB-858AC62E5B4A}.Debug|x86.Build.0 = Debug|x86
		{6528FC18-6EF0-40C8-A9FB-858AC62E5B4A}.Debug|x86.Deploy.0 = Debug|x86
		{6528FC18-6EF0-40C8-A9FB-858AC62E5B4A}.FastBuild_Release|Any CPU.ActiveCfg = FastBuild_Release|x86
		{6528FC18-6EF0-40C8-A9FB-858AC62E5B4A}.FastBuild_Release|ARM.ActiveCfg = FastBuild_Release|ARM
		{6528FC18-6EF0-40C8-A9FB-858AC62E5B4A}.FastBuild_Release|ARM.Build.0 = FastBuild_Release|ARM
		{6528FC18-6EF0-40C8-A9FB-858AC62E5B4A}.FastBuild_Release|ARM.Deploy.0 = FastBuild_Release|ARM
		{6528FC18-6EF0-40C8-A9FB-858AC62E5B4A}.FastBuild_Release|x64.ActiveCfg = FastBuild_Release|x64
		{6528FC18-6EF0-40C8-A9FB-858AC62E5B4A}.FastBuild_Release|x64.Build.0 = FastBuild_Release|x64
		{6528FC18-6EF0-40C8-A9FB-858AC62E5B4A}.FastBuild_Release|x64.Deploy.0 = FastBuild_Release|x64
		{6528FC18-6EF0-40C8-A9FB-858AC62E5B4A}.FastBuild_Release|x86.ActiveCfg = FastBuild_Release|x86
		{6528FC18-6EF0-40C8-A9FB-858AC62E5B4A}.FastBuild_Release|x86.Build.0 = FastBuild_Release|x86
		{6528FC18-6EF0-40C8-A9FB-858AC62E5B4A}.FastBuild_Release|x86.Deploy.0 = FastBuild_Release|x86
		{6528FC18-6EF0-40C8-A9FB-858AC62E5B4A}.Release|Any CPU.ActiveCfg = Release|x86
		{6528FC18-6EF0-40C8-A9FB-858AC62E5B4A}.Release|Any CPU.Build.0 = Release|x86
		{6528FC18-6EF0-40C8-A9FB-858AC62E5B4A}.Release|Any CPU.Deploy.0 = Release|x86
		{6528FC18-6EF0-40C8-A9FB-858AC62E5B4A}.Release|ARM.ActiveCfg = Release|ARM
		{6528FC18-6EF0-40C8-A9FB-858AC62E5B4A}.Release|ARM.Build.0 = Release|ARM
		{6528FC18-6EF0-40C8-A9FB-858AC62E5B4A}.Release|ARM.Deploy.0 = Release|ARM
		{6528FC18-6EF0-40C8-A9FB-858AC62E5B4A}.Release|x64.ActiveCfg = Release|x64
		{6528FC18-6EF0-40C8-A9FB-858AC62E5B4A}.Release|x64.Build.0 = Release|x64
		{6528FC18-6EF0-40C8-A9FB-858AC62E5B4A}.Release|x64.Deploy.0 = Release|x64
		{6528FC18-6EF0-40C8-A9FB-858AC62E5B4A}.Release|x86.ActiveCfg = Release|x86
		{6528FC18-6EF0-40C8-A9FB-858AC62E5B4A}.Release|x86.Build.0 = Release|x86
		{6528FC18-6EF0-40C8-A9FB-858AC62E5B4A}.Release|x86.Deploy.0 = Release|x86
		{67F9D3A8-F71E-4428-913F-C37AE82CDB24}.Debug|Any CPU.ActiveCfg = Debug|Any CPU
		{67F9D3A8-F71E-4428-913F-C37AE82CDB24}.Debug|Any CPU.Build.0 = Debug|Any CPU
		{67F9D3A8-F71E-4428-913F-C37AE82CDB24}.Debug|ARM.ActiveCfg = Debug|ARM
		{67F9D3A8-F71E-4428-913F-C37AE82CDB24}.Debug|ARM.Build.0 = Debug|ARM
		{67F9D3A8-F71E-4428-913F-C37AE82CDB24}.Debug|x64.ActiveCfg = Debug|x64
		{67F9D3A8-F71E-4428-913F-C37AE82CDB24}.Debug|x64.Build.0 = Debug|x64
		{67F9D3A8-F71E-4428-913F-C37AE82CDB24}.Debug|x86.ActiveCfg = Debug|x86
		{67F9D3A8-F71E-4428-913F-C37AE82CDB24}.Debug|x86.Build.0 = Debug|x86
		{67F9D3A8-F71E-4428-913F-C37AE82CDB24}.FastBuild_Release|Any CPU.ActiveCfg = FastBuild_Release|Any CPU
		{67F9D3A8-F71E-4428-913F-C37AE82CDB24}.FastBuild_Release|Any CPU.Build.0 = FastBuild_Release|Any CPU
		{67F9D3A8-F71E-4428-913F-C37AE82CDB24}.FastBuild_Release|ARM.ActiveCfg = FastBuild_Release|ARM
		{67F9D3A8-F71E-4428-913F-C37AE82CDB24}.FastBuild_Release|ARM.Build.0 = FastBuild_Release|ARM
		{67F9D3A8-F71E-4428-913F-C37AE82CDB24}.FastBuild_Release|x64.ActiveCfg = FastBuild_Release|x64
		{67F9D3A8-F71E-4428-913F-C37AE82CDB24}.FastBuild_Release|x64.Build.0 = FastBuild_Release|x64
		{67F9D3A8-F71E-4428-913F-C37AE82CDB24}.FastBuild_Release|x86.ActiveCfg = FastBuild_Release|x86
		{67F9D3A8-F71E-4428-913F-C37AE82CDB24}.FastBuild_Release|x86.Build.0 = FastBuild_Release|x86
		{67F9D3A8-F71E-4428-913F-C37AE82CDB24}.Release|Any CPU.ActiveCfg = Release|Any CPU
		{67F9D3A8-F71E-4428-913F-C37AE82CDB24}.Release|Any CPU.Build.0 = Release|Any CPU
		{67F9D3A8-F71E-4428-913F-C37AE82CDB24}.Release|ARM.ActiveCfg = Release|ARM
		{67F9D3A8-F71E-4428-913F-C37AE82CDB24}.Release|ARM.Build.0 = Release|ARM
		{67F9D3A8-F71E-4428-913F-C37AE82CDB24}.Release|x64.ActiveCfg = Release|x64
		{67F9D3A8-F71E-4428-913F-C37AE82CDB24}.Release|x64.Build.0 = Release|x64
		{67F9D3A8-F71E-4428-913F-C37AE82CDB24}.Release|x86.ActiveCfg = Release|x86
		{67F9D3A8-F71E-4428-913F-C37AE82CDB24}.Release|x86.Build.0 = Release|x86
		{F22742C9-7088-4325-9F87-0A1AA34DDA74}.Debug|Any CPU.ActiveCfg = Debug|Any CPU
		{F22742C9-7088-4325-9F87-0A1AA34DDA74}.Debug|Any CPU.Build.0 = Debug|Any CPU
		{F22742C9-7088-4325-9F87-0A1AA34DDA74}.Debug|ARM.ActiveCfg = Debug|ARM
		{F22742C9-7088-4325-9F87-0A1AA34DDA74}.Debug|ARM.Build.0 = Debug|ARM
		{F22742C9-7088-4325-9F87-0A1AA34DDA74}.Debug|x64.ActiveCfg = Debug|x64
		{F22742C9-7088-4325-9F87-0A1AA34DDA74}.Debug|x64.Build.0 = Debug|x64
		{F22742C9-7088-4325-9F87-0A1AA34DDA74}.Debug|x86.ActiveCfg = Debug|x86
		{F22742C9-7088-4325-9F87-0A1AA34DDA74}.Debug|x86.Build.0 = Debug|x86
		{F22742C9-7088-4325-9F87-0A1AA34DDA74}.FastBuild_Release|Any CPU.ActiveCfg = FastBuild_Release|Any CPU
		{F22742C9-7088-4325-9F87-0A1AA34DDA74}.FastBuild_Release|Any CPU.Build.0 = FastBuild_Release|Any CPU
		{F22742C9-7088-4325-9F87-0A1AA34DDA74}.FastBuild_Release|ARM.ActiveCfg = FastBuild_Release|ARM
		{F22742C9-7088-4325-9F87-0A1AA34DDA74}.FastBuild_Release|ARM.Build.0 = FastBuild_Release|ARM
		{F22742C9-7088-4325-9F87-0A1AA34DDA74}.FastBuild_Release|x64.ActiveCfg = FastBuild_Release|x64
		{F22742C9-7088-4325-9F87-0A1AA34DDA74}.FastBuild_Release|x64.Build.0 = FastBuild_Release|x64
		{F22742C9-7088-4325-9F87-0A1AA34DDA74}.FastBuild_Release|x86.ActiveCfg = FastBuild_Release|x86
		{F22742C9-7088-4325-9F87-0A1AA34DDA74}.FastBuild_Release|x86.Build.0 = FastBuild_Release|x86
		{F22742C9-7088-4325-9F87-0A1AA34DDA74}.Release|Any CPU.ActiveCfg = Release|Any CPU
		{F22742C9-7088-4325-9F87-0A1AA34DDA74}.Release|Any CPU.Build.0 = Release|Any CPU
		{F22742C9-7088-4325-9F87-0A1AA34DDA74}.Release|ARM.ActiveCfg = Release|ARM
		{F22742C9-7088-4325-9F87-0A1AA34DDA74}.Release|ARM.Build.0 = Release|ARM
		{F22742C9-7088-4325-9F87-0A1AA34DDA74}.Release|x64.ActiveCfg = Release|x64
		{F22742C9-7088-4325-9F87-0A1AA34DDA74}.Release|x64.Build.0 = Release|x64
		{F22742C9-7088-4325-9F87-0A1AA34DDA74}.Release|x86.ActiveCfg = Release|x86
		{F22742C9-7088-4325-9F87-0A1AA34DDA74}.Release|x86.Build.0 = Release|x86
		{23538FC1-D438-48EB-B0D7-832A401E5247}.Debug|Any CPU.ActiveCfg = Debug|x86
		{23538FC1-D438-48EB-B0D7-832A401E5247}.Debug|ARM.ActiveCfg = Debug|ARM
		{23538FC1-D438-48EB-B0D7-832A401E5247}.Debug|ARM.Build.0 = Debug|ARM
		{23538FC1-D438-48EB-B0D7-832A401E5247}.Debug|ARM.Deploy.0 = Debug|ARM
		{23538FC1-D438-48EB-B0D7-832A401E5247}.Debug|x64.ActiveCfg = Debug|x64
		{23538FC1-D438-48EB-B0D7-832A401E5247}.Debug|x64.Build.0 = Debug|x64
		{23538FC1-D438-48EB-B0D7-832A401E5247}.Debug|x64.Deploy.0 = Debug|x64
		{23538FC1-D438-48EB-B0D7-832A401E5247}.Debug|x86.ActiveCfg = Debug|x86
		{23538FC1-D438-48EB-B0D7-832A401E5247}.Debug|x86.Build.0 = Debug|x86
		{23538FC1-D438-48EB-B0D7-832A401E5247}.Debug|x86.Deploy.0 = Debug|x86
		{23538FC1-D438-48EB-B0D7-832A401E5247}.FastBuild_Release|Any CPU.ActiveCfg = FastBuild_Release|x86
		{23538FC1-D438-48EB-B0D7-832A401E5247}.FastBuild_Release|ARM.ActiveCfg = FastBuild_Release|ARM
		{23538FC1-D438-48EB-B0D7-832A401E5247}.FastBuild_Release|ARM.Build.0 = FastBuild_Release|ARM
		{23538FC1-D438-48EB-B0D7-832A401E5247}.FastBuild_Release|ARM.Deploy.0 = FastBuild_Release|ARM
		{23538FC1-D438-48EB-B0D7-832A401E5247}.FastBuild_Release|x64.ActiveCfg = FastBuild_Release|x64
		{23538FC1-D438-48EB-B0D7-832A401E5247}.FastBuild_Release|x64.Build.0 = FastBuild_Release|x64
		{23538FC1-D438-48EB-B0D7-832A401E5247}.FastBuild_Release|x64.Deploy.0 = FastBuild_Release|x64
		{23538FC1-D438-48EB-B0D7-832A401E5247}.FastBuild_Release|x86.ActiveCfg = FastBuild_Release|x86
		{23538FC1-D438-48EB-B0D7-832A401E5247}.FastBuild_Release|x86.Build.0 = FastBuild_Release|x86
		{23538FC1-D438-48EB-B0D7-832A401E5247}.FastBuild_Release|x86.Deploy.0 = FastBuild_Release|x86
		{23538FC1-D438-48EB-B0D7-832A401E5247}.Release|Any CPU.ActiveCfg = Release|x86
		{23538FC1-D438-48EB-B0D7-832A401E5247}.Release|ARM.ActiveCfg = Release|ARM
		{23538FC1-D438-48EB-B0D7-832A401E5247}.Release|ARM.Build.0 = Release|ARM
		{23538FC1-D438-48EB-B0D7-832A401E5247}.Release|ARM.Deploy.0 = Release|ARM
		{23538FC1-D438-48EB-B0D7-832A401E5247}.Release|x64.ActiveCfg = Release|x64
		{23538FC1-D438-48EB-B0D7-832A401E5247}.Release|x64.Build.0 = Release|x64
		{23538FC1-D438-48EB-B0D7-832A401E5247}.Release|x64.Deploy.0 = Release|x64
		{23538FC1-D438-48EB-B0D7-832A401E5247}.Release|x86.ActiveCfg = Release|x86
		{23538FC1-D438-48EB-B0D7-832A401E5247}.Release|x86.Build.0 = Release|x86
		{23538FC1-D438-48EB-B0D7-832A401E5247}.Release|x86.Deploy.0 = Release|x86
		{8BAA2DC7-9675-480F-A9F5-8D8D6245689B}.Debug|Any CPU.ActiveCfg = Debug|Any CPU
		{8BAA2DC7-9675-480F-A9F5-8D8D6245689B}.Debug|Any CPU.Build.0 = Debug|Any CPU
		{8BAA2DC7-9675-480F-A9F5-8D8D6245689B}.Debug|ARM.ActiveCfg = Debug|ARM
		{8BAA2DC7-9675-480F-A9F5-8D8D6245689B}.Debug|ARM.Build.0 = Debug|ARM
		{8BAA2DC7-9675-480F-A9F5-8D8D6245689B}.Debug|x64.ActiveCfg = Debug|x64
		{8BAA2DC7-9675-480F-A9F5-8D8D6245689B}.Debug|x64.Build.0 = Debug|x64
		{8BAA2DC7-9675-480F-A9F5-8D8D6245689B}.Debug|x86.ActiveCfg = Debug|x86
		{8BAA2DC7-9675-480F-A9F5-8D8D6245689B}.Debug|x86.Build.0 = Debug|x86
		{8BAA2DC7-9675-480F-A9F5-8D8D6245689B}.FastBuild_Release|Any CPU.ActiveCfg = FastBuild_Release|Any CPU
		{8BAA2DC7-9675-480F-A9F5-8D8D6245689B}.FastBuild_Release|Any CPU.Build.0 = FastBuild_Release|Any CPU
		{8BAA2DC7-9675-480F-A9F5-8D8D6245689B}.FastBuild_Release|ARM.ActiveCfg = FastBuild_Release|ARM
		{8BAA2DC7-9675-480F-A9F5-8D8D6245689B}.FastBuild_Release|ARM.Build.0 = FastBuild_Release|ARM
		{8BAA2DC7-9675-480F-A9F5-8D8D6245689B}.FastBuild_Release|x64.ActiveCfg = FastBuild_Release|x64
		{8BAA2DC7-9675-480F-A9F5-8D8D6245689B}.FastBuild_Release|x64.Build.0 = FastBuild_Release|x64
		{8BAA2DC7-9675-480F-A9F5-8D8D6245689B}.FastBuild_Release|x86.ActiveCfg = FastBuild_Release|x86
		{8BAA2DC7-9675-480F-A9F5-8D8D6245689B}.FastBuild_Release|x86.Build.0 = FastBuild_Release|x86
		{8BAA2DC7-9675-480F-A9F5-8D8D6245689B}.Release|Any CPU.ActiveCfg = Release|Any CPU
		{8BAA2DC7-9675-480F-A9F5-8D8D6245689B}.Release|Any CPU.Build.0 = Release|Any CPU
		{8BAA2DC7-9675-480F-A9F5-8D8D6245689B}.Release|ARM.ActiveCfg = Release|ARM
		{8BAA2DC7-9675-480F-A9F5-8D8D6245689B}.Release|ARM.Build.0 = Release|ARM
		{8BAA2DC7-9675-480F-A9F5-8D8D6245689B}.Release|x64.ActiveCfg = Release|x64
		{8BAA2DC7-9675-480F-A9F5-8D8D6245689B}.Release|x64.Build.0 = Release|x64
		{8BAA2DC7-9675-480F-A9F5-8D8D6245689B}.Release|x86.ActiveCfg = Release|x86
		{8BAA2DC7-9675-480F-A9F5-8D8D6245689B}.Release|x86.Build.0 = Release|x86
		{240C9992-F77C-4D3B-BAC2-788111B6B67B}.Debug|Any CPU.ActiveCfg = Debug|Any CPU
		{240C9992-F77C-4D3B-BAC2-788111B6B67B}.Debug|Any CPU.Build.0 = Debug|Any CPU
		{240C9992-F77C-4D3B-BAC2-788111B6B67B}.Debug|ARM.ActiveCfg = Debug|ARM
		{240C9992-F77C-4D3B-BAC2-788111B6B67B}.Debug|ARM.Build.0 = Debug|ARM
		{240C9992-F77C-4D3B-BAC2-788111B6B67B}.Debug|x64.ActiveCfg = Debug|x64
		{240C9992-F77C-4D3B-BAC2-788111B6B67B}.Debug|x64.Build.0 = Debug|x64
		{240C9992-F77C-4D3B-BAC2-788111B6B67B}.Debug|x86.ActiveCfg = Debug|x86
		{240C9992-F77C-4D3B-BAC2-788111B6B67B}.Debug|x86.Build.0 = Debug|x86
		{240C9992-F77C-4D3B-BAC2-788111B6B67B}.FastBuild_Release|Any CPU.ActiveCfg = FastBuild_Release|Any CPU
		{240C9992-F77C-4D3B-BAC2-788111B6B67B}.FastBuild_Release|Any CPU.Build.0 = FastBuild_Release|Any CPU
		{240C9992-F77C-4D3B-BAC2-788111B6B67B}.FastBuild_Release|ARM.ActiveCfg = FastBuild_Release|ARM
		{240C9992-F77C-4D3B-BAC2-788111B6B67B}.FastBuild_Release|ARM.Build.0 = FastBuild_Release|ARM
		{240C9992-F77C-4D3B-BAC2-788111B6B67B}.FastBuild_Release|x64.ActiveCfg = FastBuild_Release|x64
		{240C9992-F77C-4D3B-BAC2-788111B6B67B}.FastBuild_Release|x64.Build.0 = FastBuild_Release|x64
		{240C9992-F77C-4D3B-BAC2-788111B6B67B}.FastBuild_Release|x86.ActiveCfg = FastBuild_Release|x86
		{240C9992-F77C-4D3B-BAC2-788111B6B67B}.FastBuild_Release|x86.Build.0 = FastBuild_Release|x86
		{240C9992-F77C-4D3B-BAC2-788111B6B67B}.Release|Any CPU.ActiveCfg = Release|Any CPU
		{240C9992-F77C-4D3B-BAC2-788111B6B67B}.Release|Any CPU.Build.0 = Release|Any CPU
		{240C9992-F77C-4D3B-BAC2-788111B6B67B}.Release|ARM.ActiveCfg = Release|ARM
		{240C9992-F77C-4D3B-BAC2-788111B6B67B}.Release|ARM.Build.0 = Release|ARM
		{240C9992-F77C-4D3B-BAC2-788111B6B67B}.Release|x64.ActiveCfg = Release|x64
		{240C9992-F77C-4D3B-BAC2-788111B6B67B}.Release|x64.Build.0 = Release|x64
		{240C9992-F77C-4D3B-BAC2-788111B6B67B}.Release|x86.ActiveCfg = Release|x86
		{240C9992-F77C-4D3B-BAC2-788111B6B67B}.Release|x86.Build.0 = Release|x86
		{E63C3DE4-AB33-4611-B193-9739FCCB1661}.Debug|Any CPU.ActiveCfg = Debug|Any CPU
		{E63C3DE4-AB33-4611-B193-9739FCCB1661}.Debug|Any CPU.Build.0 = Debug|Any CPU
		{E63C3DE4-AB33-4611-B193-9739FCCB1661}.Debug|ARM.ActiveCfg = Debug|Any CPU
		{E63C3DE4-AB33-4611-B193-9739FCCB1661}.Debug|ARM.Build.0 = Debug|Any CPU
		{E63C3DE4-AB33-4611-B193-9739FCCB1661}.Debug|x64.ActiveCfg = Debug|x64
		{E63C3DE4-AB33-4611-B193-9739FCCB1661}.Debug|x64.Build.0 = Debug|x64
		{E63C3DE4-AB33-4611-B193-9739FCCB1661}.Debug|x86.ActiveCfg = Debug|x86
		{E63C3DE4-AB33-4611-B193-9739FCCB1661}.Debug|x86.Build.0 = Debug|x86
		{E63C3DE4-AB33-4611-B193-9739FCCB1661}.FastBuild_Release|Any CPU.ActiveCfg = FastBuild_Release|Any CPU
		{E63C3DE4-AB33-4611-B193-9739FCCB1661}.FastBuild_Release|Any CPU.Build.0 = FastBuild_Release|Any CPU
		{E63C3DE4-AB33-4611-B193-9739FCCB1661}.FastBuild_Release|ARM.ActiveCfg = FastBuild_Release|Any CPU
		{E63C3DE4-AB33-4611-B193-9739FCCB1661}.FastBuild_Release|ARM.Build.0 = FastBuild_Release|Any CPU
		{E63C3DE4-AB33-4611-B193-9739FCCB1661}.FastBuild_Release|x64.ActiveCfg = FastBuild_Release|x64
		{E63C3DE4-AB33-4611-B193-9739FCCB1661}.FastBuild_Release|x64.Build.0 = FastBuild_Release|x64
		{E63C3DE4-AB33-4611-B193-9739FCCB1661}.FastBuild_Release|x86.ActiveCfg = FastBuild_Release|x86
		{E63C3DE4-AB33-4611-B193-9739FCCB1661}.FastBuild_Release|x86.Build.0 = FastBuild_Release|x86
		{E63C3DE4-AB33-4611-B193-9739FCCB1661}.Release|Any CPU.ActiveCfg = Release|Any CPU
		{E63C3DE4-AB33-4611-B193-9739FCCB1661}.Release|Any CPU.Build.0 = Release|Any CPU
		{E63C3DE4-AB33-4611-B193-9739FCCB1661}.Release|ARM.ActiveCfg = Release|Any CPU
		{E63C3DE4-AB33-4611-B193-9739FCCB1661}.Release|ARM.Build.0 = Release|Any CPU
		{E63C3DE4-AB33-4611-B193-9739FCCB1661}.Release|x64.ActiveCfg = Release|x64
		{E63C3DE4-AB33-4611-B193-9739FCCB1661}.Release|x64.Build.0 = Release|x64
		{E63C3DE4-AB33-4611-B193-9739FCCB1661}.Release|x86.ActiveCfg = Release|x86
		{E63C3DE4-AB33-4611-B193-9739FCCB1661}.Release|x86.Build.0 = Release|x86
	EndGlobalSection
	GlobalSection(SolutionProperties) = preSolution
		HideSolutionNode = FALSE
	EndGlobalSection
EndGlobal
