
Microsoft Visual Studio Solution File, Format Version 12.00
# Visual Studio 15
VisualStudioVersion = 15.0.27004.2006
MinimumVisualStudioVersion = 10.0.40219.1
Project("{FAE04EC0-301F-11D3-BF4B-00C04F79EFBC}") = "BreadPlayer.Views.UWP", "BreadPlayer.Views.UWP\BreadPlayer.Views.UWP.csproj", "{6528FC18-6EF0-40C8-A9FB-858AC62E5B4A}"
EndProject
Project("{2150E333-8FDC-42A3-9474-1A3956D46DE8}") = "Solution Items", "Solution Items", "{94239CE0-2915-4C43-B4C9-0754E344ED5C}"
	ProjectSection(SolutionItems) = preProject
		LICENSE.txt = LICENSE.txt
	EndProjectSection
EndProject
Project("{FAE04EC0-301F-11D3-BF4B-00C04F79EFBC}") = "BreadPlayer.Core", "BreadPlayer.Core\BreadPlayer.Core.csproj", "{67F9D3A8-F71E-4428-913F-C37AE82CDB24}"
EndProject
Project("{FAE04EC0-301F-11D3-BF4B-00C04F79EFBC}") = "BreadPlayer.Web", "BreadPlayer.Web\BreadPlayer.Web.csproj", "{8BAA2DC7-9675-480F-A9F5-8D8D6245689B}"
EndProject
Project("{9A19103F-16F7-4668-BE54-9A1E7A4F7556}") = "BreadPlayer.Database", "BreadPlayer.Database\BreadPlayer.Database.csproj", "{E63C3DE4-AB33-4611-B193-9739FCCB1661}"
EndProject
Project("{9A19103F-16F7-4668-BE54-9A1E7A4F7556}") = "BreadPlayer.Parsers", "BreadPlayer.Parsers\BreadPlayer.Parsers.csproj", "{7E45BA56-408D-4FC2-9035-AF271DF7C13D}"
EndProject
Project("{9A19103F-16F7-4668-BE54-9A1E7A4F7556}") = "BreadPlayer.Extensions", "BreadPlayer.Extensions\BreadPlayer.Extensions.csproj", "{D8323BB9-9412-4111-8A33-4A3FF53FC9DD}"
EndProject
Project("{9A19103F-16F7-4668-BE54-9A1E7A4F7556}") = "BreadPlayer.Interfaces", "BreadPlayer.Interfaces\BreadPlayer.Interfaces.csproj", "{423457C3-EF0A-4E63-B581-E62AE9632FCB}"
EndProject
Project("{9A19103F-16F7-4668-BE54-9A1E7A4F7556}") = "BreadPlayer.Services", "BreadPlayer.Services\BreadPlayer.Services.csproj", "{BA149CAE-90D5-4562-91E9-A6FBA29D8924}"
EndProject
Project("{9A19103F-16F7-4668-BE54-9A1E7A4F7556}") = "BreadPlayer.Common", "BreadPlayer.Common\BreadPlayer.Common.csproj", "{EAAA1E69-48BD-4895-890C-EB4BF4B2FE15}"
EndProject
Global
	GlobalSection(SolutionConfigurationPlatforms) = preSolution
		Debug|Any CPU = Debug|Any CPU
		Debug|ARM = Debug|ARM
		Debug|x64 = Debug|x64
		Debug|x86 = Debug|x86
		FastBuild_Release|Any CPU = FastBuild_Release|Any CPU
		FastBuild_Release|ARM = FastBuild_Release|ARM
		FastBuild_Release|x64 = FastBuild_Release|x64
		FastBuild_Release|x86 = FastBuild_Release|x86
		Release|Any CPU = Release|Any CPU
		Release|ARM = Release|ARM
		Release|x64 = Release|x64
		Release|x86 = Release|x86
	EndGlobalSection
	GlobalSection(ProjectConfigurationPlatforms) = postSolution
		{6528FC18-6EF0-40C8-A9FB-858AC62E5B4A}.Debug|Any CPU.ActiveCfg = Debug|x86
		{6528FC18-6EF0-40C8-A9FB-858AC62E5B4A}.Debug|Any CPU.Build.0 = Debug|x86
		{6528FC18-6EF0-40C8-A9FB-858AC62E5B4A}.Debug|Any CPU.Deploy.0 = Debug|x86
		{6528FC18-6EF0-40C8-A9FB-858AC62E5B4A}.Debug|ARM.ActiveCfg = Debug|ARM
		{6528FC18-6EF0-40C8-A9FB-858AC62E5B4A}.Debug|ARM.Build.0 = Debug|ARM
		{6528FC18-6EF0-40C8-A9FB-858AC62E5B4A}.Debug|ARM.Deploy.0 = Debug|ARM
		{6528FC18-6EF0-40C8-A9FB-858AC62E5B4A}.Debug|x64.ActiveCfg = Debug|x64
		{6528FC18-6EF0-40C8-A9FB-858AC62E5B4A}.Debug|x64.Build.0 = Debug|x64
		{6528FC18-6EF0-40C8-A9FB-858AC62E5B4A}.Debug|x64.Deploy.0 = Debug|x64
		{6528FC18-6EF0-40C8-A9FB-858AC62E5B4A}.Debug|x86.ActiveCfg = Debug|x86
		{6528FC18-6EF0-40C8-A9FB-858AC62E5B4A}.Debug|x86.Build.0 = Debug|x86
		{6528FC18-6EF0-40C8-A9FB-858AC62E5B4A}.Debug|x86.Deploy.0 = Debug|x86
		{6528FC18-6EF0-40C8-A9FB-858AC62E5B4A}.FastBuild_Release|Any CPU.ActiveCfg = FastBuild_Release|x86
		{6528FC18-6EF0-40C8-A9FB-858AC62E5B4A}.FastBuild_Release|Any CPU.Build.0 = FastBuild_Release|x86
		{6528FC18-6EF0-40C8-A9FB-858AC62E5B4A}.FastBuild_Release|Any CPU.Deploy.0 = FastBuild_Release|x86
		{6528FC18-6EF0-40C8-A9FB-858AC62E5B4A}.FastBuild_Release|ARM.ActiveCfg = FastBuild_Release|ARM
		{6528FC18-6EF0-40C8-A9FB-858AC62E5B4A}.FastBuild_Release|ARM.Build.0 = FastBuild_Release|ARM
		{6528FC18-6EF0-40C8-A9FB-858AC62E5B4A}.FastBuild_Release|ARM.Deploy.0 = FastBuild_Release|ARM
		{6528FC18-6EF0-40C8-A9FB-858AC62E5B4A}.FastBuild_Release|x64.ActiveCfg = FastBuild_Release|x64
		{6528FC18-6EF0-40C8-A9FB-858AC62E5B4A}.FastBuild_Release|x64.Build.0 = FastBuild_Release|x64
		{6528FC18-6EF0-40C8-A9FB-858AC62E5B4A}.FastBuild_Release|x64.Deploy.0 = FastBuild_Release|x64
		{6528FC18-6EF0-40C8-A9FB-858AC62E5B4A}.FastBuild_Release|x86.ActiveCfg = FastBuild_Release|x86
		{6528FC18-6EF0-40C8-A9FB-858AC62E5B4A}.FastBuild_Release|x86.Build.0 = FastBuild_Release|x86
		{6528FC18-6EF0-40C8-A9FB-858AC62E5B4A}.FastBuild_Release|x86.Deploy.0 = FastBuild_Release|x86
		{6528FC18-6EF0-40C8-A9FB-858AC62E5B4A}.Release|Any CPU.ActiveCfg = Release|x86
		{6528FC18-6EF0-40C8-A9FB-858AC62E5B4A}.Release|Any CPU.Build.0 = Release|x86
		{6528FC18-6EF0-40C8-A9FB-858AC62E5B4A}.Release|Any CPU.Deploy.0 = Release|x86
		{6528FC18-6EF0-40C8-A9FB-858AC62E5B4A}.Release|ARM.ActiveCfg = Release|ARM
		{6528FC18-6EF0-40C8-A9FB-858AC62E5B4A}.Release|ARM.Build.0 = Release|ARM
		{6528FC18-6EF0-40C8-A9FB-858AC62E5B4A}.Release|ARM.Deploy.0 = Release|ARM
		{6528FC18-6EF0-40C8-A9FB-858AC62E5B4A}.Release|x64.ActiveCfg = Release|x64
		{6528FC18-6EF0-40C8-A9FB-858AC62E5B4A}.Release|x64.Build.0 = Release|x64
		{6528FC18-6EF0-40C8-A9FB-858AC62E5B4A}.Release|x64.Deploy.0 = Release|x64
		{6528FC18-6EF0-40C8-A9FB-858AC62E5B4A}.Release|x86.ActiveCfg = Release|x86
		{6528FC18-6EF0-40C8-A9FB-858AC62E5B4A}.Release|x86.Build.0 = Release|x86
		{6528FC18-6EF0-40C8-A9FB-858AC62E5B4A}.Release|x86.Deploy.0 = Release|x86
		{67F9D3A8-F71E-4428-913F-C37AE82CDB24}.Debug|Any CPU.ActiveCfg = Debug|Any CPU
		{67F9D3A8-F71E-4428-913F-C37AE82CDB24}.Debug|Any CPU.Build.0 = Debug|Any CPU
		{67F9D3A8-F71E-4428-913F-C37AE82CDB24}.Debug|ARM.ActiveCfg = Debug|ARM
		{67F9D3A8-F71E-4428-913F-C37AE82CDB24}.Debug|ARM.Build.0 = Debug|ARM
		{67F9D3A8-F71E-4428-913F-C37AE82CDB24}.Debug|x64.ActiveCfg = Debug|x64
		{67F9D3A8-F71E-4428-913F-C37AE82CDB24}.Debug|x64.Build.0 = Debug|x64
		{67F9D3A8-F71E-4428-913F-C37AE82CDB24}.Debug|x86.ActiveCfg = Debug|x86
		{67F9D3A8-F71E-4428-913F-C37AE82CDB24}.Debug|x86.Build.0 = Debug|x86
		{67F9D3A8-F71E-4428-913F-C37AE82CDB24}.FastBuild_Release|Any CPU.ActiveCfg = Release|Any CPU
		{67F9D3A8-F71E-4428-913F-C37AE82CDB24}.FastBuild_Release|Any CPU.Build.0 = Release|Any CPU
		{67F9D3A8-F71E-4428-913F-C37AE82CDB24}.FastBuild_Release|ARM.ActiveCfg = Release|ARM
		{67F9D3A8-F71E-4428-913F-C37AE82CDB24}.FastBuild_Release|ARM.Build.0 = Release|ARM
		{67F9D3A8-F71E-4428-913F-C37AE82CDB24}.FastBuild_Release|x64.ActiveCfg = Release|x64
		{67F9D3A8-F71E-4428-913F-C37AE82CDB24}.FastBuild_Release|x64.Build.0 = Release|x64
		{67F9D3A8-F71E-4428-913F-C37AE82CDB24}.FastBuild_Release|x86.ActiveCfg = Release|x86
		{67F9D3A8-F71E-4428-913F-C37AE82CDB24}.FastBuild_Release|x86.Build.0 = Release|x86
		{67F9D3A8-F71E-4428-913F-C37AE82CDB24}.Release|Any CPU.ActiveCfg = Release|Any CPU
		{67F9D3A8-F71E-4428-913F-C37AE82CDB24}.Release|Any CPU.Build.0 = Release|Any CPU
		{67F9D3A8-F71E-4428-913F-C37AE82CDB24}.Release|ARM.ActiveCfg = Release|ARM
		{67F9D3A8-F71E-4428-913F-C37AE82CDB24}.Release|ARM.Build.0 = Release|ARM
		{67F9D3A8-F71E-4428-913F-C37AE82CDB24}.Release|x64.ActiveCfg = Release|x64
		{67F9D3A8-F71E-4428-913F-C37AE82CDB24}.Release|x64.Build.0 = Release|x64
		{67F9D3A8-F71E-4428-913F-C37AE82CDB24}.Release|x86.ActiveCfg = Release|x86
		{67F9D3A8-F71E-4428-913F-C37AE82CDB24}.Release|x86.Build.0 = Release|x86
		{8BAA2DC7-9675-480F-A9F5-8D8D6245689B}.Debug|Any CPU.ActiveCfg = Debug|Any CPU
		{8BAA2DC7-9675-480F-A9F5-8D8D6245689B}.Debug|Any CPU.Build.0 = Debug|Any CPU
		{8BAA2DC7-9675-480F-A9F5-8D8D6245689B}.Debug|ARM.ActiveCfg = Debug|ARM
		{8BAA2DC7-9675-480F-A9F5-8D8D6245689B}.Debug|ARM.Build.0 = Debug|ARM
		{8BAA2DC7-9675-480F-A9F5-8D8D6245689B}.Debug|x64.ActiveCfg = Debug|x64
		{8BAA2DC7-9675-480F-A9F5-8D8D6245689B}.Debug|x64.Build.0 = Debug|x64
		{8BAA2DC7-9675-480F-A9F5-8D8D6245689B}.Debug|x86.ActiveCfg = Debug|x86
		{8BAA2DC7-9675-480F-A9F5-8D8D6245689B}.Debug|x86.Build.0 = Debug|x86
		{8BAA2DC7-9675-480F-A9F5-8D8D6245689B}.FastBuild_Release|Any CPU.ActiveCfg = Release|Any CPU
		{8BAA2DC7-9675-480F-A9F5-8D8D6245689B}.FastBuild_Release|Any CPU.Build.0 = Release|Any CPU
		{8BAA2DC7-9675-480F-A9F5-8D8D6245689B}.FastBuild_Release|ARM.ActiveCfg = Release|ARM
		{8BAA2DC7-9675-480F-A9F5-8D8D6245689B}.FastBuild_Release|ARM.Build.0 = Release|ARM
		{8BAA2DC7-9675-480F-A9F5-8D8D6245689B}.FastBuild_Release|x64.ActiveCfg = Release|x64
		{8BAA2DC7-9675-480F-A9F5-8D8D6245689B}.FastBuild_Release|x64.Build.0 = Release|x64
		{8BAA2DC7-9675-480F-A9F5-8D8D6245689B}.FastBuild_Release|x86.ActiveCfg = Release|x86
		{8BAA2DC7-9675-480F-A9F5-8D8D6245689B}.FastBuild_Release|x86.Build.0 = Release|x86
		{8BAA2DC7-9675-480F-A9F5-8D8D6245689B}.Release|Any CPU.ActiveCfg = Release|Any CPU
		{8BAA2DC7-9675-480F-A9F5-8D8D6245689B}.Release|Any CPU.Build.0 = Release|Any CPU
		{8BAA2DC7-9675-480F-A9F5-8D8D6245689B}.Release|ARM.ActiveCfg = Release|ARM
		{8BAA2DC7-9675-480F-A9F5-8D8D6245689B}.Release|ARM.Build.0 = Release|ARM
		{8BAA2DC7-9675-480F-A9F5-8D8D6245689B}.Release|x64.ActiveCfg = Release|x64
		{8BAA2DC7-9675-480F-A9F5-8D8D6245689B}.Release|x64.Build.0 = Release|x64
		{8BAA2DC7-9675-480F-A9F5-8D8D6245689B}.Release|x86.ActiveCfg = Release|x86
		{8BAA2DC7-9675-480F-A9F5-8D8D6245689B}.Release|x86.Build.0 = Release|x86
		{E63C3DE4-AB33-4611-B193-9739FCCB1661}.Debug|Any CPU.ActiveCfg = Debug|Any CPU
		{E63C3DE4-AB33-4611-B193-9739FCCB1661}.Debug|Any CPU.Build.0 = Debug|Any CPU
		{E63C3DE4-AB33-4611-B193-9739FCCB1661}.Debug|ARM.ActiveCfg = Debug|Any CPU
		{E63C3DE4-AB33-4611-B193-9739FCCB1661}.Debug|ARM.Build.0 = Debug|Any CPU
		{E63C3DE4-AB33-4611-B193-9739FCCB1661}.Debug|x64.ActiveCfg = Debug|Any CPU
		{E63C3DE4-AB33-4611-B193-9739FCCB1661}.Debug|x64.Build.0 = Debug|Any CPU
		{E63C3DE4-AB33-4611-B193-9739FCCB1661}.Debug|x86.ActiveCfg = Debug|Any CPU
		{E63C3DE4-AB33-4611-B193-9739FCCB1661}.Debug|x86.Build.0 = Debug|Any CPU
		{E63C3DE4-AB33-4611-B193-9739FCCB1661}.FastBuild_Release|Any CPU.ActiveCfg = Release|Any CPU
		{E63C3DE4-AB33-4611-B193-9739FCCB1661}.FastBuild_Release|Any CPU.Build.0 = Release|Any CPU
		{E63C3DE4-AB33-4611-B193-9739FCCB1661}.FastBuild_Release|ARM.ActiveCfg = Release|Any CPU
		{E63C3DE4-AB33-4611-B193-9739FCCB1661}.FastBuild_Release|ARM.Build.0 = Release|Any CPU
		{E63C3DE4-AB33-4611-B193-9739FCCB1661}.FastBuild_Release|x64.ActiveCfg = Release|Any CPU
		{E63C3DE4-AB33-4611-B193-9739FCCB1661}.FastBuild_Release|x64.Build.0 = Release|Any CPU
		{E63C3DE4-AB33-4611-B193-9739FCCB1661}.FastBuild_Release|x86.ActiveCfg = Release|Any CPU
		{E63C3DE4-AB33-4611-B193-9739FCCB1661}.FastBuild_Release|x86.Build.0 = Release|Any CPU
		{E63C3DE4-AB33-4611-B193-9739FCCB1661}.Release|Any CPU.ActiveCfg = Release|Any CPU
		{E63C3DE4-AB33-4611-B193-9739FCCB1661}.Release|Any CPU.Build.0 = Release|Any CPU
		{E63C3DE4-AB33-4611-B193-9739FCCB1661}.Release|ARM.ActiveCfg = Release|Any CPU
		{E63C3DE4-AB33-4611-B193-9739FCCB1661}.Release|ARM.Build.0 = Release|Any CPU
		{E63C3DE4-AB33-4611-B193-9739FCCB1661}.Release|x64.ActiveCfg = Release|Any CPU
		{E63C3DE4-AB33-4611-B193-9739FCCB1661}.Release|x64.Build.0 = Release|Any CPU
		{E63C3DE4-AB33-4611-B193-9739FCCB1661}.Release|x86.ActiveCfg = Release|Any CPU
		{E63C3DE4-AB33-4611-B193-9739FCCB1661}.Release|x86.Build.0 = Release|Any CPU
		{7E45BA56-408D-4FC2-9035-AF271DF7C13D}.Debug|Any CPU.ActiveCfg = Debug|Any CPU
		{7E45BA56-408D-4FC2-9035-AF271DF7C13D}.Debug|Any CPU.Build.0 = Debug|Any CPU
		{7E45BA56-408D-4FC2-9035-AF271DF7C13D}.Debug|ARM.ActiveCfg = Debug|Any CPU
		{7E45BA56-408D-4FC2-9035-AF271DF7C13D}.Debug|ARM.Build.0 = Debug|Any CPU
		{7E45BA56-408D-4FC2-9035-AF271DF7C13D}.Debug|x64.ActiveCfg = Debug|Any CPU
		{7E45BA56-408D-4FC2-9035-AF271DF7C13D}.Debug|x64.Build.0 = Debug|Any CPU
		{7E45BA56-408D-4FC2-9035-AF271DF7C13D}.Debug|x86.ActiveCfg = Debug|Any CPU
		{7E45BA56-408D-4FC2-9035-AF271DF7C13D}.Debug|x86.Build.0 = Debug|Any CPU
		{7E45BA56-408D-4FC2-9035-AF271DF7C13D}.FastBuild_Release|Any CPU.ActiveCfg = Release|Any CPU
		{7E45BA56-408D-4FC2-9035-AF271DF7C13D}.FastBuild_Release|Any CPU.Build.0 = Release|Any CPU
		{7E45BA56-408D-4FC2-9035-AF271DF7C13D}.FastBuild_Release|ARM.ActiveCfg = Release|Any CPU
		{7E45BA56-408D-4FC2-9035-AF271DF7C13D}.FastBuild_Release|ARM.Build.0 = Release|Any CPU
		{7E45BA56-408D-4FC2-9035-AF271DF7C13D}.FastBuild_Release|x64.ActiveCfg = Release|Any CPU
		{7E45BA56-408D-4FC2-9035-AF271DF7C13D}.FastBuild_Release|x64.Build.0 = Release|Any CPU
		{7E45BA56-408D-4FC2-9035-AF271DF7C13D}.FastBuild_Release|x86.ActiveCfg = Release|Any CPU
		{7E45BA56-408D-4FC2-9035-AF271DF7C13D}.FastBuild_Release|x86.Build.0 = Release|Any CPU
		{7E45BA56-408D-4FC2-9035-AF271DF7C13D}.Release|Any CPU.ActiveCfg = Release|Any CPU
		{7E45BA56-408D-4FC2-9035-AF271DF7C13D}.Release|Any CPU.Build.0 = Release|Any CPU
		{7E45BA56-408D-4FC2-9035-AF271DF7C13D}.Release|ARM.ActiveCfg = Release|Any CPU
		{7E45BA56-408D-4FC2-9035-AF271DF7C13D}.Release|ARM.Build.0 = Release|Any CPU
		{7E45BA56-408D-4FC2-9035-AF271DF7C13D}.Release|x64.ActiveCfg = Release|Any CPU
		{7E45BA56-408D-4FC2-9035-AF271DF7C13D}.Release|x64.Build.0 = Release|Any CPU
		{7E45BA56-408D-4FC2-9035-AF271DF7C13D}.Release|x86.ActiveCfg = Release|Any CPU
		{7E45BA56-408D-4FC2-9035-AF271DF7C13D}.Release|x86.Build.0 = Release|Any CPU
		{D8323BB9-9412-4111-8A33-4A3FF53FC9DD}.Debug|Any CPU.ActiveCfg = Debug|Any CPU
		{D8323BB9-9412-4111-8A33-4A3FF53FC9DD}.Debug|Any CPU.Build.0 = Debug|Any CPU
		{D8323BB9-9412-4111-8A33-4A3FF53FC9DD}.Debug|ARM.ActiveCfg = Debug|Any CPU
		{D8323BB9-9412-4111-8A33-4A3FF53FC9DD}.Debug|ARM.Build.0 = Debug|Any CPU
		{D8323BB9-9412-4111-8A33-4A3FF53FC9DD}.Debug|x64.ActiveCfg = Debug|Any CPU
		{D8323BB9-9412-4111-8A33-4A3FF53FC9DD}.Debug|x64.Build.0 = Debug|Any CPU
		{D8323BB9-9412-4111-8A33-4A3FF53FC9DD}.Debug|x86.ActiveCfg = Debug|Any CPU
		{D8323BB9-9412-4111-8A33-4A3FF53FC9DD}.Debug|x86.Build.0 = Debug|Any CPU
		{D8323BB9-9412-4111-8A33-4A3FF53FC9DD}.FastBuild_Release|Any CPU.ActiveCfg = Release|Any CPU
		{D8323BB9-9412-4111-8A33-4A3FF53FC9DD}.FastBuild_Release|Any CPU.Build.0 = Release|Any CPU
		{D8323BB9-9412-4111-8A33-4A3FF53FC9DD}.FastBuild_Release|ARM.ActiveCfg = Release|Any CPU
		{D8323BB9-9412-4111-8A33-4A3FF53FC9DD}.FastBuild_Release|ARM.Build.0 = Release|Any CPU
		{D8323BB9-9412-4111-8A33-4A3FF53FC9DD}.FastBuild_Release|x64.ActiveCfg = Release|Any CPU
		{D8323BB9-9412-4111-8A33-4A3FF53FC9DD}.FastBuild_Release|x64.Build.0 = Release|Any CPU
		{D8323BB9-9412-4111-8A33-4A3FF53FC9DD}.FastBuild_Release|x86.ActiveCfg = Release|Any CPU
		{D8323BB9-9412-4111-8A33-4A3FF53FC9DD}.FastBuild_Release|x86.Build.0 = Release|Any CPU
		{D8323BB9-9412-4111-8A33-4A3FF53FC9DD}.Release|Any CPU.ActiveCfg = Release|Any CPU
		{D8323BB9-9412-4111-8A33-4A3FF53FC9DD}.Release|Any CPU.Build.0 = Release|Any CPU
		{D8323BB9-9412-4111-8A33-4A3FF53FC9DD}.Release|ARM.ActiveCfg = Release|Any CPU
		{D8323BB9-9412-4111-8A33-4A3FF53FC9DD}.Release|ARM.Build.0 = Release|Any CPU
		{D8323BB9-9412-4111-8A33-4A3FF53FC9DD}.Release|x64.ActiveCfg = Release|Any CPU
		{D8323BB9-9412-4111-8A33-4A3FF53FC9DD}.Release|x64.Build.0 = Release|Any CPU
		{D8323BB9-9412-4111-8A33-4A3FF53FC9DD}.Release|x86.ActiveCfg = Release|Any CPU
		{D8323BB9-9412-4111-8A33-4A3FF53FC9DD}.Release|x86.Build.0 = Release|Any CPU
		{423457C3-EF0A-4E63-B581-E62AE9632FCB}.Debug|Any CPU.ActiveCfg = Debug|Any CPU
		{423457C3-EF0A-4E63-B581-E62AE9632FCB}.Debug|Any CPU.Build.0 = Debug|Any CPU
		{423457C3-EF0A-4E63-B581-E62AE9632FCB}.Debug|ARM.ActiveCfg = Debug|Any CPU
		{423457C3-EF0A-4E63-B581-E62AE9632FCB}.Debug|ARM.Build.0 = Debug|Any CPU
		{423457C3-EF0A-4E63-B581-E62AE9632FCB}.Debug|x64.ActiveCfg = Debug|Any CPU
		{423457C3-EF0A-4E63-B581-E62AE9632FCB}.Debug|x64.Build.0 = Debug|Any CPU
		{423457C3-EF0A-4E63-B581-E62AE9632FCB}.Debug|x86.ActiveCfg = Debug|Any CPU
		{423457C3-EF0A-4E63-B581-E62AE9632FCB}.Debug|x86.Build.0 = Debug|Any CPU
		{423457C3-EF0A-4E63-B581-E62AE9632FCB}.FastBuild_Release|Any CPU.ActiveCfg = Release|Any CPU
		{423457C3-EF0A-4E63-B581-E62AE9632FCB}.FastBuild_Release|Any CPU.Build.0 = Release|Any CPU
		{423457C3-EF0A-4E63-B581-E62AE9632FCB}.FastBuild_Release|ARM.ActiveCfg = Release|Any CPU
		{423457C3-EF0A-4E63-B581-E62AE9632FCB}.FastBuild_Release|ARM.Build.0 = Release|Any CPU
		{423457C3-EF0A-4E63-B581-E62AE9632FCB}.FastBuild_Release|x64.ActiveCfg = Release|Any CPU
		{423457C3-EF0A-4E63-B581-E62AE9632FCB}.FastBuild_Release|x64.Build.0 = Release|Any CPU
		{423457C3-EF0A-4E63-B581-E62AE9632FCB}.FastBuild_Release|x86.ActiveCfg = Release|Any CPU
		{423457C3-EF0A-4E63-B581-E62AE9632FCB}.FastBuild_Release|x86.Build.0 = Release|Any CPU
		{423457C3-EF0A-4E63-B581-E62AE9632FCB}.Release|Any CPU.ActiveCfg = Release|Any CPU
		{423457C3-EF0A-4E63-B581-E62AE9632FCB}.Release|Any CPU.Build.0 = Release|Any CPU
		{423457C3-EF0A-4E63-B581-E62AE9632FCB}.Release|ARM.ActiveCfg = Release|Any CPU
		{423457C3-EF0A-4E63-B581-E62AE9632FCB}.Release|ARM.Build.0 = Release|Any CPU
		{423457C3-EF0A-4E63-B581-E62AE9632FCB}.Release|x64.ActiveCfg = Release|Any CPU
		{423457C3-EF0A-4E63-B581-E62AE9632FCB}.Release|x64.Build.0 = Release|Any CPU
		{423457C3-EF0A-4E63-B581-E62AE9632FCB}.Release|x86.ActiveCfg = Release|Any CPU
		{423457C3-EF0A-4E63-B581-E62AE9632FCB}.Release|x86.Build.0 = Release|Any CPU
		{BA149CAE-90D5-4562-91E9-A6FBA29D8924}.Debug|Any CPU.ActiveCfg = Debug|Any CPU
		{BA149CAE-90D5-4562-91E9-A6FBA29D8924}.Debug|Any CPU.Build.0 = Debug|Any CPU
		{BA149CAE-90D5-4562-91E9-A6FBA29D8924}.Debug|ARM.ActiveCfg = Debug|Any CPU
		{BA149CAE-90D5-4562-91E9-A6FBA29D8924}.Debug|ARM.Build.0 = Debug|Any CPU
		{BA149CAE-90D5-4562-91E9-A6FBA29D8924}.Debug|x64.ActiveCfg = Debug|Any CPU
		{BA149CAE-90D5-4562-91E9-A6FBA29D8924}.Debug|x64.Build.0 = Debug|Any CPU
		{BA149CAE-90D5-4562-91E9-A6FBA29D8924}.Debug|x86.ActiveCfg = Debug|Any CPU
		{BA149CAE-90D5-4562-91E9-A6FBA29D8924}.Debug|x86.Build.0 = Debug|Any CPU
		{BA149CAE-90D5-4562-91E9-A6FBA29D8924}.FastBuild_Release|Any CPU.ActiveCfg = Release|Any CPU
		{BA149CAE-90D5-4562-91E9-A6FBA29D8924}.FastBuild_Release|Any CPU.Build.0 = Release|Any CPU
		{BA149CAE-90D5-4562-91E9-A6FBA29D8924}.FastBuild_Release|ARM.ActiveCfg = Release|Any CPU
		{BA149CAE-90D5-4562-91E9-A6FBA29D8924}.FastBuild_Release|ARM.Build.0 = Release|Any CPU
		{BA149CAE-90D5-4562-91E9-A6FBA29D8924}.FastBuild_Release|x64.ActiveCfg = Release|Any CPU
		{BA149CAE-90D5-4562-91E9-A6FBA29D8924}.FastBuild_Release|x64.Build.0 = Release|Any CPU
		{BA149CAE-90D5-4562-91E9-A6FBA29D8924}.FastBuild_Release|x86.ActiveCfg = Release|Any CPU
		{BA149CAE-90D5-4562-91E9-A6FBA29D8924}.FastBuild_Release|x86.Build.0 = Release|Any CPU
		{BA149CAE-90D5-4562-91E9-A6FBA29D8924}.Release|Any CPU.ActiveCfg = Release|Any CPU
		{BA149CAE-90D5-4562-91E9-A6FBA29D8924}.Release|Any CPU.Build.0 = Release|Any CPU
		{BA149CAE-90D5-4562-91E9-A6FBA29D8924}.Release|ARM.ActiveCfg = Release|Any CPU
		{BA149CAE-90D5-4562-91E9-A6FBA29D8924}.Release|ARM.Build.0 = Release|Any CPU
		{BA149CAE-90D5-4562-91E9-A6FBA29D8924}.Release|x64.ActiveCfg = Release|Any CPU
		{BA149CAE-90D5-4562-91E9-A6FBA29D8924}.Release|x64.Build.0 = Release|Any CPU
		{BA149CAE-90D5-4562-91E9-A6FBA29D8924}.Release|x86.ActiveCfg = Release|Any CPU
		{BA149CAE-90D5-4562-91E9-A6FBA29D8924}.Release|x86.Build.0 = Release|Any CPU
		{EAAA1E69-48BD-4895-890C-EB4BF4B2FE15}.Debug|Any CPU.ActiveCfg = Debug|Any CPU
		{EAAA1E69-48BD-4895-890C-EB4BF4B2FE15}.Debug|Any CPU.Build.0 = Debug|Any CPU
		{EAAA1E69-48BD-4895-890C-EB4BF4B2FE15}.Debug|ARM.ActiveCfg = Debug|Any CPU
		{EAAA1E69-48BD-4895-890C-EB4BF4B2FE15}.Debug|ARM.Build.0 = Debug|Any CPU
		{EAAA1E69-48BD-4895-890C-EB4BF4B2FE15}.Debug|x64.ActiveCfg = Debug|Any CPU
		{EAAA1E69-48BD-4895-890C-EB4BF4B2FE15}.Debug|x64.Build.0 = Debug|Any CPU
		{EAAA1E69-48BD-4895-890C-EB4BF4B2FE15}.Debug|x86.ActiveCfg = Debug|Any CPU
		{EAAA1E69-48BD-4895-890C-EB4BF4B2FE15}.Debug|x86.Build.0 = Debug|Any CPU
		{EAAA1E69-48BD-4895-890C-EB4BF4B2FE15}.FastBuild_Release|Any CPU.ActiveCfg = Release|Any CPU
		{EAAA1E69-48BD-4895-890C-EB4BF4B2FE15}.FastBuild_Release|Any CPU.Build.0 = Release|Any CPU
		{EAAA1E69-48BD-4895-890C-EB4BF4B2FE15}.FastBuild_Release|ARM.ActiveCfg = Release|Any CPU
		{EAAA1E69-48BD-4895-890C-EB4BF4B2FE15}.FastBuild_Release|ARM.Build.0 = Release|Any CPU
		{EAAA1E69-48BD-4895-890C-EB4BF4B2FE15}.FastBuild_Release|x64.ActiveCfg = Release|Any CPU
		{EAAA1E69-48BD-4895-890C-EB4BF4B2FE15}.FastBuild_Release|x64.Build.0 = Release|Any CPU
		{EAAA1E69-48BD-4895-890C-EB4BF4B2FE15}.FastBuild_Release|x86.ActiveCfg = Release|Any CPU
		{EAAA1E69-48BD-4895-890C-EB4BF4B2FE15}.FastBuild_Release|x86.Build.0 = Release|Any CPU
		{EAAA1E69-48BD-4895-890C-EB4BF4B2FE15}.Release|Any CPU.ActiveCfg = Release|Any CPU
		{EAAA1E69-48BD-4895-890C-EB4BF4B2FE15}.Release|Any CPU.Build.0 = Release|Any CPU
		{EAAA1E69-48BD-4895-890C-EB4BF4B2FE15}.Release|ARM.ActiveCfg = Release|Any CPU
		{EAAA1E69-48BD-4895-890C-EB4BF4B2FE15}.Release|ARM.Build.0 = Release|Any CPU
		{EAAA1E69-48BD-4895-890C-EB4BF4B2FE15}.Release|x64.ActiveCfg = Release|Any CPU
		{EAAA1E69-48BD-4895-890C-EB4BF4B2FE15}.Release|x64.Build.0 = Release|Any CPU
		{EAAA1E69-48BD-4895-890C-EB4BF4B2FE15}.Release|x86.ActiveCfg = Release|Any CPU
		{EAAA1E69-48BD-4895-890C-EB4BF4B2FE15}.Release|x86.Build.0 = Release|Any CPU
	EndGlobalSection
	GlobalSection(SolutionProperties) = preSolution
		HideSolutionNode = FALSE
	EndGlobalSection
	GlobalSection(ExtensibilityGlobals) = postSolution
		SolutionGuid = {F28D1CCF-FE7A-448B-B072-BBF3E5972DC8}
	EndGlobalSection
EndGlobal
