Microsoft Visual Studio Solution File, Format Version 12.00
# Visual Studio 15
VisualStudioVersion = 15.0.27004.2009
MinimumVisualStudioVersion = 10.0.40219.1
Project("{FAE04EC0-301F-11D3-BF4B-00C04F79EFBC}") = "BreadPlayer.Views.UWP", "BreadPlayer.Views.UWP\BreadPlayer.Views.UWP.csproj", "{6528FC18-6EF0-40C8-A9FB-858AC62E5B4A}"
EndProject
Project("{2150E333-8FDC-42A3-9474-1A3956D46DE8}") = "Solution Items", "Solution Items", "{94239CE0-2915-4C43-B4C9-0754E344ED5C}"
	ProjectSection(SolutionItems) = preProject
		appveyor.yml = appveyor.yml
		BreadPlayer.NoTests.sln = BreadPlayer.NoTests.sln
		LICENSE.txt = LICENSE.txt
	EndProjectSection
EndProject
Project("{FAE04EC0-301F-11D3-BF4B-00C04F79EFBC}") = "BreadPlayer.Core", "BreadPlayer.Core\BreadPlayer.Core.csproj", "{67F9D3A8-F71E-4428-913F-C37AE82CDB24}"
EndProject
Project("{FAE04EC0-301F-11D3-BF4B-00C04F79EFBC}") = "BreadPlayer.Web", "BreadPlayer.Web\BreadPlayer.Web.csproj", "{8BAA2DC7-9675-480F-A9F5-8D8D6245689B}"
EndProject
Project("{9A19103F-16F7-4668-BE54-9A1E7A4F7556}") = "BreadPlayer.Database", "BreadPlayer.Database\BreadPlayer.Database.csproj", "{E63C3DE4-AB33-4611-B193-9739FCCB1661}"
EndProject
Project("{9A19103F-16F7-4668-BE54-9A1E7A4F7556}") = "BreadPlayer.Parsers", "BreadPlayer.Parsers\BreadPlayer.Parsers.csproj", "{EC3F27A8-AB79-420F-AEF2-8D3316ABAB3C}"
EndProject
Project("{FAE04EC0-301F-11D3-BF4B-00C04F79EFBC}") = "BreadPlayer.Web.Tests", "BreadPlayer.Web.Tests\BreadPlayer.Web.Tests.csproj", "{23538FC1-D438-48EB-B0D7-832A401E5247}"
EndProject
Project("{FAE04EC0-301F-11D3-BF4B-00C04F79EFBC}") = "BreadPlayer.Views.Android", "BreadPlayer.Views.Android\BreadPlayer.Views.Android.csproj", "{1241A6F7-0E20-4F20-A50F-E701C6089D6B}"
EndProject
Project("{9A19103F-16F7-4668-BE54-9A1E7A4F7556}") = "BreadPlayer.Extensions", "BreadPlayer.Extensions\BreadPlayer.Extensions.csproj", "{E5851A02-A8CE-4F4D-8B5F-0986013AE830}"
EndProject
Project("{9A19103F-16F7-4668-BE54-9A1E7A4F7556}") = "BreadPlayer.Interfaces", "BreadPlayer.Interfaces\BreadPlayer.Interfaces.csproj", "{412718BB-903F-482F-8577-99B8EFCD96D2}"
EndProject
Project("{9A19103F-16F7-4668-BE54-9A1E7A4F7556}") = "BreadPlayer.Services", "BreadPlayer.Services\BreadPlayer.Services.csproj", "{94270040-8853-4616-B14B-11196BDA8CC9}"
EndProject
Project("{9A19103F-16F7-4668-BE54-9A1E7A4F7556}") = "BreadPlayer.Common", "BreadPlayer.Common\BreadPlayer.Common.csproj", "{47AF841A-4B78-490D-8915-7F58CDBDBEB3}"
EndProject
Global
	GlobalSection(SolutionConfigurationPlatforms) = preSolution
		Debug|Any CPU = Debug|Any CPU
		Debug|ARM = Debug|ARM
		Debug|x64 = Debug|x64
		Debug|x86 = Debug|x86
		FastBuild_Release|Any CPU = FastBuild_Release|Any CPU
		FastBuild_Release|ARM = FastBuild_Release|ARM
		FastBuild_Release|x64 = FastBuild_Release|x64
		FastBuild_Release|x86 = FastBuild_Release|x86
		Release|Any CPU = Release|Any CPU
		Release|ARM = Release|ARM
		Release|x64 = Release|x64
		Release|x86 = Release|x86
	EndGlobalSection
	GlobalSection(ProjectConfigurationPlatforms) = postSolution
		{6528FC18-6EF0-40C8-A9FB-858AC62E5B4A}.Debug|Any CPU.ActiveCfg = Debug|x86
		{6528FC18-6EF0-40C8-A9FB-858AC62E5B4A}.Debug|Any CPU.Build.0 = Debug|x86
		{6528FC18-6EF0-40C8-A9FB-858AC62E5B4A}.Debug|Any CPU.Deploy.0 = Debug|x86
		{6528FC18-6EF0-40C8-A9FB-858AC62E5B4A}.Debug|ARM.ActiveCfg = Debug|ARM
		{6528FC18-6EF0-40C8-A9FB-858AC62E5B4A}.Debug|ARM.Build.0 = Debug|ARM
		{6528FC18-6EF0-40C8-A9FB-858AC62E5B4A}.Debug|ARM.Deploy.0 = Debug|ARM
		{6528FC18-6EF0-40C8-A9FB-858AC62E5B4A}.Debug|x64.ActiveCfg = Debug|x64
		{6528FC18-6EF0-40C8-A9FB-858AC62E5B4A}.Debug|x64.Build.0 = Debug|x64
		{6528FC18-6EF0-40C8-A9FB-858AC62E5B4A}.Debug|x64.Deploy.0 = Debug|x64
		{6528FC18-6EF0-40C8-A9FB-858AC62E5B4A}.Debug|x86.ActiveCfg = Debug|x86
		{6528FC18-6EF0-40C8-A9FB-858AC62E5B4A}.Debug|x86.Build.0 = Debug|x86
		{6528FC18-6EF0-40C8-A9FB-858AC62E5B4A}.Debug|x86.Deploy.0 = Debug|x86
		{6528FC18-6EF0-40C8-A9FB-858AC62E5B4A}.FastBuild_Release|Any CPU.ActiveCfg = FastBuild_Release|x86
		{6528FC18-6EF0-40C8-A9FB-858AC62E5B4A}.FastBuild_Release|Any CPU.Build.0 = FastBuild_Release|x86
		{6528FC18-6EF0-40C8-A9FB-858AC62E5B4A}.FastBuild_Release|Any CPU.Deploy.0 = FastBuild_Release|x86
		{6528FC18-6EF0-40C8-A9FB-858AC62E5B4A}.FastBuild_Release|ARM.ActiveCfg = FastBuild_Release|ARM
		{6528FC18-6EF0-40C8-A9FB-858AC62E5B4A}.FastBuild_Release|ARM.Build.0 = FastBuild_Release|ARM
		{6528FC18-6EF0-40C8-A9FB-858AC62E5B4A}.FastBuild_Release|ARM.Deploy.0 = FastBuild_Release|ARM
		{6528FC18-6EF0-40C8-A9FB-858AC62E5B4A}.FastBuild_Release|x64.ActiveCfg = FastBuild_Release|x64
		{6528FC18-6EF0-40C8-A9FB-858AC62E5B4A}.FastBuild_Release|x64.Build.0 = FastBuild_Release|x64
		{6528FC18-6EF0-40C8-A9FB-858AC62E5B4A}.FastBuild_Release|x64.Deploy.0 = FastBuild_Release|x64
		{6528FC18-6EF0-40C8-A9FB-858AC62E5B4A}.FastBuild_Release|x86.ActiveCfg = FastBuild_Release|x86
		{6528FC18-6EF0-40C8-A9FB-858AC62E5B4A}.FastBuild_Release|x86.Build.0 = FastBuild_Release|x86
		{6528FC18-6EF0-40C8-A9FB-858AC62E5B4A}.FastBuild_Release|x86.Deploy.0 = FastBuild_Release|x86
		{6528FC18-6EF0-40C8-A9FB-858AC62E5B4A}.Release|Any CPU.ActiveCfg = Release|x86
		{6528FC18-6EF0-40C8-A9FB-858AC62E5B4A}.Release|Any CPU.Build.0 = Release|x86
		{6528FC18-6EF0-40C8-A9FB-858AC62E5B4A}.Release|Any CPU.Deploy.0 = Release|x86
		{6528FC18-6EF0-40C8-A9FB-858AC62E5B4A}.Release|ARM.ActiveCfg = Release|ARM
		{6528FC18-6EF0-40C8-A9FB-858AC62E5B4A}.Release|ARM.Build.0 = Release|ARM
		{6528FC18-6EF0-40C8-A9FB-858AC62E5B4A}.Release|ARM.Deploy.0 = Release|ARM
		{6528FC18-6EF0-40C8-A9FB-858AC62E5B4A}.Release|x64.ActiveCfg = Release|x64
		{6528FC18-6EF0-40C8-A9FB-858AC62E5B4A}.Release|x64.Build.0 = Release|x64
		{6528FC18-6EF0-40C8-A9FB-858AC62E5B4A}.Release|x64.Deploy.0 = Release|x64
		{6528FC18-6EF0-40C8-A9FB-858AC62E5B4A}.Release|x86.ActiveCfg = Release|x86
		{6528FC18-6EF0-40C8-A9FB-858AC62E5B4A}.Release|x86.Build.0 = Release|x86
		{6528FC18-6EF0-40C8-A9FB-858AC62E5B4A}.Release|x86.Deploy.0 = Release|x86
		{67F9D3A8-F71E-4428-913F-C37AE82CDB24}.Debug|Any CPU.ActiveCfg = Debug|Any CPU
		{67F9D3A8-F71E-4428-913F-C37AE82CDB24}.Debug|Any CPU.Build.0 = Debug|Any CPU
		{67F9D3A8-F71E-4428-913F-C37AE82CDB24}.Debug|ARM.ActiveCfg = Debug|ARM
		{67F9D3A8-F71E-4428-913F-C37AE82CDB24}.Debug|ARM.Build.0 = Debug|ARM
		{67F9D3A8-F71E-4428-913F-C37AE82CDB24}.Debug|x64.ActiveCfg = Debug|x64
		{67F9D3A8-F71E-4428-913F-C37AE82CDB24}.Debug|x64.Build.0 = Debug|x64
		{67F9D3A8-F71E-4428-913F-C37AE82CDB24}.Debug|x86.ActiveCfg = Debug|x86
		{67F9D3A8-F71E-4428-913F-C37AE82CDB24}.Debug|x86.Build.0 = Debug|x86
		{67F9D3A8-F71E-4428-913F-C37AE82CDB24}.FastBuild_Release|Any CPU.ActiveCfg = Release|Any CPU
		{67F9D3A8-F71E-4428-913F-C37AE82CDB24}.FastBuild_Release|Any CPU.Build.0 = Release|Any CPU
		{67F9D3A8-F71E-4428-913F-C37AE82CDB24}.FastBuild_Release|ARM.ActiveCfg = Release|ARM
		{67F9D3A8-F71E-4428-913F-C37AE82CDB24}.FastBuild_Release|ARM.Build.0 = Release|ARM
		{67F9D3A8-F71E-4428-913F-C37AE82CDB24}.FastBuild_Release|x64.ActiveCfg = Release|x64
		{67F9D3A8-F71E-4428-913F-C37AE82CDB24}.FastBuild_Release|x64.Build.0 = Release|x64
		{67F9D3A8-F71E-4428-913F-C37AE82CDB24}.FastBuild_Release|x86.ActiveCfg = Release|x86
		{67F9D3A8-F71E-4428-913F-C37AE82CDB24}.FastBuild_Release|x86.Build.0 = Release|x86
		{67F9D3A8-F71E-4428-913F-C37AE82CDB24}.Release|Any CPU.ActiveCfg = Release|Any CPU
		{67F9D3A8-F71E-4428-913F-C37AE82CDB24}.Release|Any CPU.Build.0 = Release|Any CPU
		{67F9D3A8-F71E-4428-913F-C37AE82CDB24}.Release|ARM.ActiveCfg = Release|ARM
		{67F9D3A8-F71E-4428-913F-C37AE82CDB24}.Release|ARM.Build.0 = Release|ARM
		{67F9D3A8-F71E-4428-913F-C37AE82CDB24}.Release|x64.ActiveCfg = Release|x64
		{67F9D3A8-F71E-4428-913F-C37AE82CDB24}.Release|x64.Build.0 = Release|x64
		{67F9D3A8-F71E-4428-913F-C37AE82CDB24}.Release|x86.ActiveCfg = Release|x86
		{67F9D3A8-F71E-4428-913F-C37AE82CDB24}.Release|x86.Build.0 = Release|x86
		{8BAA2DC7-9675-480F-A9F5-8D8D6245689B}.Debug|Any CPU.ActiveCfg = Debug|Any CPU
		{8BAA2DC7-9675-480F-A9F5-8D8D6245689B}.Debug|Any CPU.Build.0 = Debug|Any CPU
		{8BAA2DC7-9675-480F-A9F5-8D8D6245689B}.Debug|ARM.ActiveCfg = Debug|ARM
		{8BAA2DC7-9675-480F-A9F5-8D8D6245689B}.Debug|ARM.Build.0 = Debug|ARM
		{8BAA2DC7-9675-480F-A9F5-8D8D6245689B}.Debug|x64.ActiveCfg = Debug|x64
		{8BAA2DC7-9675-480F-A9F5-8D8D6245689B}.Debug|x64.Build.0 = Debug|x64
		{8BAA2DC7-9675-480F-A9F5-8D8D6245689B}.Debug|x86.ActiveCfg = Debug|x86
		{8BAA2DC7-9675-480F-A9F5-8D8D6245689B}.Debug|x86.Build.0 = Debug|x86
		{8BAA2DC7-9675-480F-A9F5-8D8D6245689B}.FastBuild_Release|Any CPU.ActiveCfg = Release|Any CPU
		{8BAA2DC7-9675-480F-A9F5-8D8D6245689B}.FastBuild_Release|Any CPU.Build.0 = Release|Any CPU
		{8BAA2DC7-9675-480F-A9F5-8D8D6245689B}.FastBuild_Release|ARM.ActiveCfg = Release|ARM
		{8BAA2DC7-9675-480F-A9F5-8D8D6245689B}.FastBuild_Release|ARM.Build.0 = Release|ARM
		{8BAA2DC7-9675-480F-A9F5-8D8D6245689B}.FastBuild_Release|x64.ActiveCfg = Release|x64
		{8BAA2DC7-9675-480F-A9F5-8D8D6245689B}.FastBuild_Release|x64.Build.0 = Release|x64
		{8BAA2DC7-9675-480F-A9F5-8D8D6245689B}.FastBuild_Release|x86.ActiveCfg = Release|x86
		{8BAA2DC7-9675-480F-A9F5-8D8D6245689B}.FastBuild_Release|x86.Build.0 = Release|x86
		{8BAA2DC7-9675-480F-A9F5-8D8D6245689B}.Release|Any CPU.ActiveCfg = Release|Any CPU
		{8BAA2DC7-9675-480F-A9F5-8D8D6245689B}.Release|Any CPU.Build.0 = Release|Any CPU
		{8BAA2DC7-9675-480F-A9F5-8D8D6245689B}.Release|ARM.ActiveCfg = Release|ARM
		{8BAA2DC7-9675-480F-A9F5-8D8D6245689B}.Release|ARM.Build.0 = Release|ARM
		{8BAA2DC7-9675-480F-A9F5-8D8D6245689B}.Release|x64.ActiveCfg = Release|x64
		{8BAA2DC7-9675-480F-A9F5-8D8D6245689B}.Release|x64.Build.0 = Release|x64
		{8BAA2DC7-9675-480F-A9F5-8D8D6245689B}.Release|x86.ActiveCfg = Release|x86
		{8BAA2DC7-9675-480F-A9F5-8D8D6245689B}.Release|x86.Build.0 = Release|x86
		{E63C3DE4-AB33-4611-B193-9739FCCB1661}.Debug|Any CPU.ActiveCfg = Debug|Any CPU
		{E63C3DE4-AB33-4611-B193-9739FCCB1661}.Debug|Any CPU.Build.0 = Debug|Any CPU
		{E63C3DE4-AB33-4611-B193-9739FCCB1661}.Debug|ARM.ActiveCfg = Debug|Any CPU
		{E63C3DE4-AB33-4611-B193-9739FCCB1661}.Debug|ARM.Build.0 = Debug|Any CPU
		{E63C3DE4-AB33-4611-B193-9739FCCB1661}.Debug|x64.ActiveCfg = Debug|Any CPU
		{E63C3DE4-AB33-4611-B193-9739FCCB1661}.Debug|x64.Build.0 = Debug|Any CPU
		{E63C3DE4-AB33-4611-B193-9739FCCB1661}.Debug|x86.ActiveCfg = Debug|Any CPU
		{E63C3DE4-AB33-4611-B193-9739FCCB1661}.Debug|x86.Build.0 = Debug|Any CPU
		{E63C3DE4-AB33-4611-B193-9739FCCB1661}.FastBuild_Release|Any CPU.ActiveCfg = Release|Any CPU
		{E63C3DE4-AB33-4611-B193-9739FCCB1661}.FastBuild_Release|Any CPU.Build.0 = Release|Any CPU
		{E63C3DE4-AB33-4611-B193-9739FCCB1661}.FastBuild_Release|ARM.ActiveCfg = Release|Any CPU
		{E63C3DE4-AB33-4611-B193-9739FCCB1661}.FastBuild_Release|ARM.Build.0 = Release|Any CPU
		{E63C3DE4-AB33-4611-B193-9739FCCB1661}.FastBuild_Release|x64.ActiveCfg = Release|Any CPU
		{E63C3DE4-AB33-4611-B193-9739FCCB1661}.FastBuild_Release|x64.Build.0 = Release|Any CPU
		{E63C3DE4-AB33-4611-B193-9739FCCB1661}.FastBuild_Release|x86.ActiveCfg = Release|Any CPU
		{E63C3DE4-AB33-4611-B193-9739FCCB1661}.FastBuild_Release|x86.Build.0 = Release|Any CPU
		{E63C3DE4-AB33-4611-B193-9739FCCB1661}.Release|Any CPU.ActiveCfg = Release|Any CPU
		{E63C3DE4-AB33-4611-B193-9739FCCB1661}.Release|Any CPU.Build.0 = Release|Any CPU
		{E63C3DE4-AB33-4611-B193-9739FCCB1661}.Release|ARM.ActiveCfg = Release|Any CPU
		{E63C3DE4-AB33-4611-B193-9739FCCB1661}.Release|ARM.Build.0 = Release|Any CPU
		{E63C3DE4-AB33-4611-B193-9739FCCB1661}.Release|x64.ActiveCfg = Release|Any CPU
		{E63C3DE4-AB33-4611-B193-9739FCCB1661}.Release|x64.Build.0 = Release|Any CPU
		{E63C3DE4-AB33-4611-B193-9739FCCB1661}.Release|x86.ActiveCfg = Release|Any CPU
		{E63C3DE4-AB33-4611-B193-9739FCCB1661}.Release|x86.Build.0 = Release|Any CPU
		{EC3F27A8-AB79-420F-AEF2-8D3316ABAB3C}.Debug|Any CPU.ActiveCfg = Debug|Any CPU
		{EC3F27A8-AB79-420F-AEF2-8D3316ABAB3C}.Debug|Any CPU.Build.0 = Debug|Any CPU
		{EC3F27A8-AB79-420F-AEF2-8D3316ABAB3C}.Debug|ARM.ActiveCfg = Debug|Any CPU
		{EC3F27A8-AB79-420F-AEF2-8D3316ABAB3C}.Debug|ARM.Build.0 = Debug|Any CPU
		{EC3F27A8-AB79-420F-AEF2-8D3316ABAB3C}.Debug|x64.ActiveCfg = Debug|Any CPU
		{EC3F27A8-AB79-420F-AEF2-8D3316ABAB3C}.Debug|x64.Build.0 = Debug|Any CPU
		{EC3F27A8-AB79-420F-AEF2-8D3316ABAB3C}.Debug|x86.ActiveCfg = Debug|Any CPU
		{EC3F27A8-AB79-420F-AEF2-8D3316ABAB3C}.Debug|x86.Build.0 = Debug|Any CPU
		{EC3F27A8-AB79-420F-AEF2-8D3316ABAB3C}.FastBuild_Release|Any CPU.ActiveCfg = Release|Any CPU
		{EC3F27A8-AB79-420F-AEF2-8D3316ABAB3C}.FastBuild_Release|Any CPU.Build.0 = Release|Any CPU
		{EC3F27A8-AB79-420F-AEF2-8D3316ABAB3C}.FastBuild_Release|ARM.ActiveCfg = Release|Any CPU
		{EC3F27A8-AB79-420F-AEF2-8D3316ABAB3C}.FastBuild_Release|ARM.Build.0 = Release|Any CPU
		{EC3F27A8-AB79-420F-AEF2-8D3316ABAB3C}.FastBuild_Release|x64.ActiveCfg = Release|Any CPU
		{EC3F27A8-AB79-420F-AEF2-8D3316ABAB3C}.FastBuild_Release|x64.Build.0 = Release|Any CPU
		{EC3F27A8-AB79-420F-AEF2-8D3316ABAB3C}.FastBuild_Release|x86.ActiveCfg = Release|Any CPU
		{EC3F27A8-AB79-420F-AEF2-8D3316ABAB3C}.FastBuild_Release|x86.Build.0 = Release|Any CPU
		{EC3F27A8-AB79-420F-AEF2-8D3316ABAB3C}.Release|Any CPU.ActiveCfg = Release|Any CPU
		{EC3F27A8-AB79-420F-AEF2-8D3316ABAB3C}.Release|Any CPU.Build.0 = Release|Any CPU
		{EC3F27A8-AB79-420F-AEF2-8D3316ABAB3C}.Release|ARM.ActiveCfg = Release|Any CPU
		{EC3F27A8-AB79-420F-AEF2-8D3316ABAB3C}.Release|ARM.Build.0 = Release|Any CPU
		{EC3F27A8-AB79-420F-AEF2-8D3316ABAB3C}.Release|x64.ActiveCfg = Release|Any CPU
		{EC3F27A8-AB79-420F-AEF2-8D3316ABAB3C}.Release|x64.Build.0 = Release|Any CPU
		{EC3F27A8-AB79-420F-AEF2-8D3316ABAB3C}.Release|x86.ActiveCfg = Release|Any CPU
		{EC3F27A8-AB79-420F-AEF2-8D3316ABAB3C}.Release|x86.Build.0 = Release|Any CPU
		{23538FC1-D438-48EB-B0D7-832A401E5247}.Debug|Any CPU.ActiveCfg = Debug|x86
		{23538FC1-D438-48EB-B0D7-832A401E5247}.Debug|ARM.ActiveCfg = Debug|ARM
		{23538FC1-D438-48EB-B0D7-832A401E5247}.Debug|ARM.Build.0 = Debug|ARM
		{23538FC1-D438-48EB-B0D7-832A401E5247}.Debug|ARM.Deploy.0 = Debug|ARM
		{23538FC1-D438-48EB-B0D7-832A401E5247}.Debug|x64.ActiveCfg = Debug|x64
		{23538FC1-D438-48EB-B0D7-832A401E5247}.Debug|x64.Build.0 = Debug|x64
		{23538FC1-D438-48EB-B0D7-832A401E5247}.Debug|x64.Deploy.0 = Debug|x64
		{23538FC1-D438-48EB-B0D7-832A401E5247}.Debug|x86.ActiveCfg = Debug|x86
		{23538FC1-D438-48EB-B0D7-832A401E5247}.Debug|x86.Deploy.0 = Debug|x86
		{23538FC1-D438-48EB-B0D7-832A401E5247}.FastBuild_Release|Any CPU.ActiveCfg = FastBuild_Release|x86
		{23538FC1-D438-48EB-B0D7-832A401E5247}.FastBuild_Release|ARM.ActiveCfg = FastBuild_Release|ARM
		{23538FC1-D438-48EB-B0D7-832A401E5247}.FastBuild_Release|ARM.Build.0 = FastBuild_Release|ARM
		{23538FC1-D438-48EB-B0D7-832A401E5247}.FastBuild_Release|ARM.Deploy.0 = FastBuild_Release|ARM
		{23538FC1-D438-48EB-B0D7-832A401E5247}.FastBuild_Release|x64.ActiveCfg = FastBuild_Release|x64
		{23538FC1-D438-48EB-B0D7-832A401E5247}.FastBuild_Release|x64.Build.0 = FastBuild_Release|x64
		{23538FC1-D438-48EB-B0D7-832A401E5247}.FastBuild_Release|x64.Deploy.0 = FastBuild_Release|x64
		{23538FC1-D438-48EB-B0D7-832A401E5247}.FastBuild_Release|x86.ActiveCfg = FastBuild_Release|x86
		{23538FC1-D438-48EB-B0D7-832A401E5247}.FastBuild_Release|x86.Build.0 = FastBuild_Release|x86
		{23538FC1-D438-48EB-B0D7-832A401E5247}.FastBuild_Release|x86.Deploy.0 = FastBuild_Release|x86
		{23538FC1-D438-48EB-B0D7-832A401E5247}.Release|Any CPU.ActiveCfg = Release|x86
		{23538FC1-D438-48EB-B0D7-832A401E5247}.Release|ARM.ActiveCfg = Release|ARM
		{23538FC1-D438-48EB-B0D7-832A401E5247}.Release|ARM.Build.0 = Release|ARM
		{23538FC1-D438-48EB-B0D7-832A401E5247}.Release|ARM.Deploy.0 = Release|ARM
		{23538FC1-D438-48EB-B0D7-832A401E5247}.Release|x64.ActiveCfg = Release|x64
		{23538FC1-D438-48EB-B0D7-832A401E5247}.Release|x64.Build.0 = Release|x64
		{23538FC1-D438-48EB-B0D7-832A401E5247}.Release|x64.Deploy.0 = Release|x64
		{23538FC1-D438-48EB-B0D7-832A401E5247}.Release|x86.ActiveCfg = Release|x86
		{23538FC1-D438-48EB-B0D7-832A401E5247}.Release|x86.Build.0 = Release|x86
		{23538FC1-D438-48EB-B0D7-832A401E5247}.Release|x86.Deploy.0 = Release|x86
		{1241A6F7-0E20-4F20-A50F-E701C6089D6B}.Debug|Any CPU.ActiveCfg = Debug|Any CPU
		{1241A6F7-0E20-4F20-A50F-E701C6089D6B}.Debug|Any CPU.Build.0 = Debug|Any CPU
		{1241A6F7-0E20-4F20-A50F-E701C6089D6B}.Debug|Any CPU.Deploy.0 = Debug|Any CPU
		{1241A6F7-0E20-4F20-A50F-E701C6089D6B}.Debug|ARM.ActiveCfg = Debug|Any CPU
		{1241A6F7-0E20-4F20-A50F-E701C6089D6B}.Debug|ARM.Build.0 = Debug|Any CPU
		{1241A6F7-0E20-4F20-A50F-E701C6089D6B}.Debug|ARM.Deploy.0 = Debug|Any CPU
		{1241A6F7-0E20-4F20-A50F-E701C6089D6B}.Debug|x64.ActiveCfg = Debug|Any CPU
		{1241A6F7-0E20-4F20-A50F-E701C6089D6B}.Debug|x64.Build.0 = Debug|Any CPU
		{1241A6F7-0E20-4F20-A50F-E701C6089D6B}.Debug|x64.Deploy.0 = Debug|Any CPU
		{1241A6F7-0E20-4F20-A50F-E701C6089D6B}.Debug|x86.ActiveCfg = Debug|Any CPU
		{1241A6F7-0E20-4F20-A50F-E701C6089D6B}.Debug|x86.Build.0 = Debug|Any CPU
		{1241A6F7-0E20-4F20-A50F-E701C6089D6B}.Debug|x86.Deploy.0 = Debug|Any CPU
		{1241A6F7-0E20-4F20-A50F-E701C6089D6B}.FastBuild_Release|Any CPU.ActiveCfg = Release|Any CPU
		{1241A6F7-0E20-4F20-A50F-E701C6089D6B}.FastBuild_Release|Any CPU.Build.0 = Release|Any CPU
		{1241A6F7-0E20-4F20-A50F-E701C6089D6B}.FastBuild_Release|Any CPU.Deploy.0 = Release|Any CPU
		{1241A6F7-0E20-4F20-A50F-E701C6089D6B}.FastBuild_Release|ARM.ActiveCfg = Release|Any CPU
		{1241A6F7-0E20-4F20-A50F-E701C6089D6B}.FastBuild_Release|ARM.Build.0 = Release|Any CPU
		{1241A6F7-0E20-4F20-A50F-E701C6089D6B}.FastBuild_Release|ARM.Deploy.0 = Release|Any CPU
		{1241A6F7-0E20-4F20-A50F-E701C6089D6B}.FastBuild_Release|x64.ActiveCfg = Release|Any CPU
		{1241A6F7-0E20-4F20-A50F-E701C6089D6B}.FastBuild_Release|x64.Build.0 = Release|Any CPU
		{1241A6F7-0E20-4F20-A50F-E701C6089D6B}.FastBuild_Release|x64.Deploy.0 = Release|Any CPU
		{1241A6F7-0E20-4F20-A50F-E701C6089D6B}.FastBuild_Release|x86.ActiveCfg = Release|Any CPU
		{1241A6F7-0E20-4F20-A50F-E701C6089D6B}.FastBuild_Release|x86.Build.0 = Release|Any CPU
		{1241A6F7-0E20-4F20-A50F-E701C6089D6B}.FastBuild_Release|x86.Deploy.0 = Release|Any CPU
		{1241A6F7-0E20-4F20-A50F-E701C6089D6B}.Release|Any CPU.ActiveCfg = Release|Any CPU
		{1241A6F7-0E20-4F20-A50F-E701C6089D6B}.Release|Any CPU.Build.0 = Release|Any CPU
		{1241A6F7-0E20-4F20-A50F-E701C6089D6B}.Release|Any CPU.Deploy.0 = Release|Any CPU
		{1241A6F7-0E20-4F20-A50F-E701C6089D6B}.Release|ARM.ActiveCfg = Release|Any CPU
		{1241A6F7-0E20-4F20-A50F-E701C6089D6B}.Release|ARM.Build.0 = Release|Any CPU
		{1241A6F7-0E20-4F20-A50F-E701C6089D6B}.Release|ARM.Deploy.0 = Release|Any CPU
		{1241A6F7-0E20-4F20-A50F-E701C6089D6B}.Release|x64.ActiveCfg = Release|Any CPU
		{1241A6F7-0E20-4F20-A50F-E701C6089D6B}.Release|x64.Build.0 = Release|Any CPU
		{1241A6F7-0E20-4F20-A50F-E701C6089D6B}.Release|x64.Deploy.0 = Release|Any CPU
		{1241A6F7-0E20-4F20-A50F-E701C6089D6B}.Release|x86.ActiveCfg = Release|Any CPU
		{1241A6F7-0E20-4F20-A50F-E701C6089D6B}.Release|x86.Build.0 = Release|Any CPU
		{1241A6F7-0E20-4F20-A50F-E701C6089D6B}.Release|x86.Deploy.0 = Release|Any CPU
		{E5851A02-A8CE-4F4D-8B5F-0986013AE830}.Debug|Any CPU.ActiveCfg = Debug|Any CPU
		{E5851A02-A8CE-4F4D-8B5F-0986013AE830}.Debug|Any CPU.Build.0 = Debug|Any CPU
		{E5851A02-A8CE-4F4D-8B5F-0986013AE830}.Debug|ARM.ActiveCfg = Debug|Any CPU
		{E5851A02-A8CE-4F4D-8B5F-0986013AE830}.Debug|ARM.Build.0 = Debug|Any CPU
		{E5851A02-A8CE-4F4D-8B5F-0986013AE830}.Debug|x64.ActiveCfg = Debug|Any CPU
		{E5851A02-A8CE-4F4D-8B5F-0986013AE830}.Debug|x64.Build.0 = Debug|Any CPU
		{E5851A02-A8CE-4F4D-8B5F-0986013AE830}.Debug|x86.ActiveCfg = Debug|Any CPU
		{E5851A02-A8CE-4F4D-8B5F-0986013AE830}.Debug|x86.Build.0 = Debug|Any CPU
		{E5851A02-A8CE-4F4D-8B5F-0986013AE830}.FastBuild_Release|Any CPU.ActiveCfg = Release|Any CPU
		{E5851A02-A8CE-4F4D-8B5F-0986013AE830}.FastBuild_Release|Any CPU.Build.0 = Release|Any CPU
		{E5851A02-A8CE-4F4D-8B5F-0986013AE830}.FastBuild_Release|ARM.ActiveCfg = Release|Any CPU
		{E5851A02-A8CE-4F4D-8B5F-0986013AE830}.FastBuild_Release|ARM.Build.0 = Release|Any CPU
		{E5851A02-A8CE-4F4D-8B5F-0986013AE830}.FastBuild_Release|x64.ActiveCfg = Release|Any CPU
		{E5851A02-A8CE-4F4D-8B5F-0986013AE830}.FastBuild_Release|x64.Build.0 = Release|Any CPU
		{E5851A02-A8CE-4F4D-8B5F-0986013AE830}.FastBuild_Release|x86.ActiveCfg = Release|Any CPU
		{E5851A02-A8CE-4F4D-8B5F-0986013AE830}.FastBuild_Release|x86.Build.0 = Release|Any CPU
		{E5851A02-A8CE-4F4D-8B5F-0986013AE830}.Release|Any CPU.ActiveCfg = Release|Any CPU
		{E5851A02-A8CE-4F4D-8B5F-0986013AE830}.Release|Any CPU.Build.0 = Release|Any CPU
		{E5851A02-A8CE-4F4D-8B5F-0986013AE830}.Release|ARM.ActiveCfg = Release|Any CPU
		{E5851A02-A8CE-4F4D-8B5F-0986013AE830}.Release|ARM.Build.0 = Release|Any CPU
		{E5851A02-A8CE-4F4D-8B5F-0986013AE830}.Release|x64.ActiveCfg = Release|Any CPU
		{E5851A02-A8CE-4F4D-8B5F-0986013AE830}.Release|x64.Build.0 = Release|Any CPU
		{E5851A02-A8CE-4F4D-8B5F-0986013AE830}.Release|x86.ActiveCfg = Release|Any CPU
		{E5851A02-A8CE-4F4D-8B5F-0986013AE830}.Release|x86.Build.0 = Release|Any CPU
		{412718BB-903F-482F-8577-99B8EFCD96D2}.Debug|Any CPU.ActiveCfg = Debug|Any CPU
		{412718BB-903F-482F-8577-99B8EFCD96D2}.Debug|Any CPU.Build.0 = Debug|Any CPU
		{412718BB-903F-482F-8577-99B8EFCD96D2}.Debug|ARM.ActiveCfg = Debug|Any CPU
		{412718BB-903F-482F-8577-99B8EFCD96D2}.Debug|ARM.Build.0 = Debug|Any CPU
		{412718BB-903F-482F-8577-99B8EFCD96D2}.Debug|x64.ActiveCfg = Debug|Any CPU
		{412718BB-903F-482F-8577-99B8EFCD96D2}.Debug|x64.Build.0 = Debug|Any CPU
		{412718BB-903F-482F-8577-99B8EFCD96D2}.Debug|x86.ActiveCfg = Debug|Any CPU
		{412718BB-903F-482F-8577-99B8EFCD96D2}.Debug|x86.Build.0 = Debug|Any CPU
		{412718BB-903F-482F-8577-99B8EFCD96D2}.FastBuild_Release|Any CPU.ActiveCfg = Release|Any CPU
		{412718BB-903F-482F-8577-99B8EFCD96D2}.FastBuild_Release|Any CPU.Build.0 = Release|Any CPU
		{412718BB-903F-482F-8577-99B8EFCD96D2}.FastBuild_Release|ARM.ActiveCfg = Release|Any CPU
		{412718BB-903F-482F-8577-99B8EFCD96D2}.FastBuild_Release|ARM.Build.0 = Release|Any CPU
		{412718BB-903F-482F-8577-99B8EFCD96D2}.FastBuild_Release|x64.ActiveCfg = Release|Any CPU
		{412718BB-903F-482F-8577-99B8EFCD96D2}.FastBuild_Release|x64.Build.0 = Release|Any CPU
		{412718BB-903F-482F-8577-99B8EFCD96D2}.FastBuild_Release|x86.ActiveCfg = Release|Any CPU
		{412718BB-903F-482F-8577-99B8EFCD96D2}.FastBuild_Release|x86.Build.0 = Release|Any CPU
		{412718BB-903F-482F-8577-99B8EFCD96D2}.Release|Any CPU.ActiveCfg = Release|Any CPU
		{412718BB-903F-482F-8577-99B8EFCD96D2}.Release|Any CPU.Build.0 = Release|Any CPU
		{412718BB-903F-482F-8577-99B8EFCD96D2}.Release|ARM.ActiveCfg = Release|Any CPU
		{412718BB-903F-482F-8577-99B8EFCD96D2}.Release|ARM.Build.0 = Release|Any CPU
		{412718BB-903F-482F-8577-99B8EFCD96D2}.Release|x64.ActiveCfg = Release|Any CPU
		{412718BB-903F-482F-8577-99B8EFCD96D2}.Release|x64.Build.0 = Release|Any CPU
		{412718BB-903F-482F-8577-99B8EFCD96D2}.Release|x86.ActiveCfg = Release|Any CPU
		{412718BB-903F-482F-8577-99B8EFCD96D2}.Release|x86.Build.0 = Release|Any CPU
		{94270040-8853-4616-B14B-11196BDA8CC9}.Debug|Any CPU.ActiveCfg = Debug|Any CPU
		{94270040-8853-4616-B14B-11196BDA8CC9}.Debug|Any CPU.Build.0 = Debug|Any CPU
		{94270040-8853-4616-B14B-11196BDA8CC9}.Debug|ARM.ActiveCfg = Debug|Any CPU
		{94270040-8853-4616-B14B-11196BDA8CC9}.Debug|ARM.Build.0 = Debug|Any CPU
		{94270040-8853-4616-B14B-11196BDA8CC9}.Debug|x64.ActiveCfg = Debug|Any CPU
		{94270040-8853-4616-B14B-11196BDA8CC9}.Debug|x64.Build.0 = Debug|Any CPU
		{94270040-8853-4616-B14B-11196BDA8CC9}.Debug|x86.ActiveCfg = Debug|Any CPU
		{94270040-8853-4616-B14B-11196BDA8CC9}.Debug|x86.Build.0 = Debug|Any CPU
		{94270040-8853-4616-B14B-11196BDA8CC9}.FastBuild_Release|Any CPU.ActiveCfg = Release|Any CPU
		{94270040-8853-4616-B14B-11196BDA8CC9}.FastBuild_Release|Any CPU.Build.0 = Release|Any CPU
		{94270040-8853-4616-B14B-11196BDA8CC9}.FastBuild_Release|ARM.ActiveCfg = Release|Any CPU
		{94270040-8853-4616-B14B-11196BDA8CC9}.FastBuild_Release|ARM.Build.0 = Release|Any CPU
		{94270040-8853-4616-B14B-11196BDA8CC9}.FastBuild_Release|x64.ActiveCfg = Release|Any CPU
		{94270040-8853-4616-B14B-11196BDA8CC9}.FastBuild_Release|x64.Build.0 = Release|Any CPU
		{94270040-8853-4616-B14B-11196BDA8CC9}.FastBuild_Release|x86.ActiveCfg = Release|Any CPU
		{94270040-8853-4616-B14B-11196BDA8CC9}.FastBuild_Release|x86.Build.0 = Release|Any CPU
		{94270040-8853-4616-B14B-11196BDA8CC9}.Release|Any CPU.ActiveCfg = Release|Any CPU
		{94270040-8853-4616-B14B-11196BDA8CC9}.Release|Any CPU.Build.0 = Release|Any CPU
		{94270040-8853-4616-B14B-11196BDA8CC9}.Release|ARM.ActiveCfg = Release|Any CPU
		{94270040-8853-4616-B14B-11196BDA8CC9}.Release|ARM.Build.0 = Release|Any CPU
		{94270040-8853-4616-B14B-11196BDA8CC9}.Release|x64.ActiveCfg = Release|Any CPU
		{94270040-8853-4616-B14B-11196BDA8CC9}.Release|x64.Build.0 = Release|Any CPU
		{94270040-8853-4616-B14B-11196BDA8CC9}.Release|x86.ActiveCfg = Release|Any CPU
		{94270040-8853-4616-B14B-11196BDA8CC9}.Release|x86.Build.0 = Release|Any CPU
		{47AF841A-4B78-490D-8915-7F58CDBDBEB3}.Debug|Any CPU.ActiveCfg = Debug|Any CPU
		{47AF841A-4B78-490D-8915-7F58CDBDBEB3}.Debug|Any CPU.Build.0 = Debug|Any CPU
		{47AF841A-4B78-490D-8915-7F58CDBDBEB3}.Debug|ARM.ActiveCfg = Debug|Any CPU
		{47AF841A-4B78-490D-8915-7F58CDBDBEB3}.Debug|ARM.Build.0 = Debug|Any CPU
		{47AF841A-4B78-490D-8915-7F58CDBDBEB3}.Debug|x64.ActiveCfg = Debug|Any CPU
		{47AF841A-4B78-490D-8915-7F58CDBDBEB3}.Debug|x64.Build.0 = Debug|Any CPU
		{47AF841A-4B78-490D-8915-7F58CDBDBEB3}.Debug|x86.ActiveCfg = Debug|Any CPU
		{47AF841A-4B78-490D-8915-7F58CDBDBEB3}.Debug|x86.Build.0 = Debug|Any CPU
		{47AF841A-4B78-490D-8915-7F58CDBDBEB3}.FastBuild_Release|Any CPU.ActiveCfg = Release|Any CPU
		{47AF841A-4B78-490D-8915-7F58CDBDBEB3}.FastBuild_Release|Any CPU.Build.0 = Release|Any CPU
		{47AF841A-4B78-490D-8915-7F58CDBDBEB3}.FastBuild_Release|ARM.ActiveCfg = Release|Any CPU
		{47AF841A-4B78-490D-8915-7F58CDBDBEB3}.FastBuild_Release|ARM.Build.0 = Release|Any CPU
		{47AF841A-4B78-490D-8915-7F58CDBDBEB3}.FastBuild_Release|x64.ActiveCfg = Release|Any CPU
		{47AF841A-4B78-490D-8915-7F58CDBDBEB3}.FastBuild_Release|x64.Build.0 = Release|Any CPU
		{47AF841A-4B78-490D-8915-7F58CDBDBEB3}.FastBuild_Release|x86.ActiveCfg = Release|Any CPU
		{47AF841A-4B78-490D-8915-7F58CDBDBEB3}.FastBuild_Release|x86.Build.0 = Release|Any CPU
		{47AF841A-4B78-490D-8915-7F58CDBDBEB3}.Release|Any CPU.ActiveCfg = Release|Any CPU
		{47AF841A-4B78-490D-8915-7F58CDBDBEB3}.Release|Any CPU.Build.0 = Release|Any CPU
		{47AF841A-4B78-490D-8915-7F58CDBDBEB3}.Release|ARM.ActiveCfg = Release|Any CPU
		{47AF841A-4B78-490D-8915-7F58CDBDBEB3}.Release|ARM.Build.0 = Release|Any CPU
		{47AF841A-4B78-490D-8915-7F58CDBDBEB3}.Release|x64.ActiveCfg = Release|Any CPU
		{47AF841A-4B78-490D-8915-7F58CDBDBEB3}.Release|x64.Build.0 = Release|Any CPU
		{47AF841A-4B78-490D-8915-7F58CDBDBEB3}.Release|x86.ActiveCfg = Release|Any CPU
		{47AF841A-4B78-490D-8915-7F58CDBDBEB3}.Release|x86.Build.0 = Release|Any CPU
	EndGlobalSection
	GlobalSection(SolutionProperties) = preSolution
		HideSolutionNode = FALSE
	EndGlobalSection
	GlobalSection(ExtensibilityGlobals) = postSolution
		RESX_CodeReferences = {"Items":[{"Expression":"\\W($File.$Key)\\W","Extensions":".cs,.cshtml","IsCaseSensitive":true,"SingleLineComment":"\/\/"},{"Expression":"GetString\\(\"($Key)\"\\)","Extensions":".cs","IsCaseSensitive":true,"SingleLineComment":"\/\/"},{"Expression":"typeof\\((\\w+\\.)*($File)\\).+\"($Key)\"|\"($Key)\".+typeof\\((\\w+\\.)*($File)\\)","Extensions":".cs","IsCaseSensitive":true,"SingleLineComment":"\/\/"},{"Expression":"\\W($Key)\\W","Extensions":".vb","IsCaseSensitive":false,"SingleLineComment":"'"},{"Expression":"\\W($File::$Key)\\W","Extensions":".cpp,.c,.hxx,.h","IsCaseSensitive":true,"SingleLineComment":"\/\/"},{"Expression":"<%\\$\\s+Resources:\\s*($File)\\s*,\\s*($Key)\\s*%>","Extensions":".aspx,.ascx","IsCaseSensitive":true,"SingleLineComment":null},{"Expression":"StringResourceKey\\.($Key)","Extensions":".cs","IsCaseSensitive":true,"SingleLineComment":"\/\/"},{"Expression":"$Resource","Extensions":".xaml","IsCaseSensitive":true,"SingleLineComment":null}]}
		RESX_MoveToResources = {"Items":[{"Extensions":".cs,.vb","Patterns":"$Namespace.$File.$Key|$File.$Key|StringResourceKey.$Key|$Namespace.StringResourceKey.$Key"},{"Extensions":".cshtml,.vbhtml","Patterns":"@$Namespace.$File.$Key|@$File.$Key|@StringResourceKey.$Key|@$Namespace.StringResourceKey.$Key"},{"Extensions":".cpp,.c,.hxx,.h","Patterns":"$File::$Key"},{"Extensions":".aspx,.ascx","Patterns":"<%$ Resources:$File,$Key %>"},{"Extensions":".xaml","Patterns":"x:Uid=\"$Key\""}]}
		SolutionGuid = {C2A3DB32-E571-4937-B0D9-E74756EE207D}
	EndGlobalSection
EndGlobal
